// !$*UTF8*$!
{
	archiveVersion = 1;
	classes = {
	};
	objectVersion = 50;
	objects = {

/* Begin PBXBuildFile section */
		D9FDA61D26483EC200CA84D3 /* AppDelegate.swift in Sources */ = {isa = PBXBuildFile; fileRef = D9FDA61C26483EC200CA84D3 /* AppDelegate.swift */; };
		D9FDA62426483EC200CA84D3 /* Home.storyboard in Resources */ = {isa = PBXBuildFile; fileRef = D9FDA62226483EC200CA84D3 /* Home.storyboard */; };
		D9FDA62626483EC700CA84D3 /* Assets.xcassets in Resources */ = {isa = PBXBuildFile; fileRef = D9FDA62526483EC700CA84D3 /* Assets.xcassets */; };
		D9FDA62926483EC700CA84D3 /* LaunchScreen.storyboard in Resources */ = {isa = PBXBuildFile; fileRef = D9FDA62726483EC700CA84D3 /* LaunchScreen.storyboard */; };
		D9FDA63A2648403200CA84D3 /* HomeViewController.swift in Sources */ = {isa = PBXBuildFile; fileRef = D9FDA6392648403200CA84D3 /* HomeViewController.swift */; };
		D9FDA6532649A52100CA84D3 /* Encoding.swift in Sources */ = {isa = PBXBuildFile; fileRef = D9FDA64B2649A52100CA84D3 /* Encoding.swift */; };
		D9FDA6542649A52100CA84D3 /* NetworkManager.swift in Sources */ = {isa = PBXBuildFile; fileRef = D9FDA64C2649A52100CA84D3 /* NetworkManager.swift */; };
		D9FDA6552649A52100CA84D3 /* Extension.swift in Sources */ = {isa = PBXBuildFile; fileRef = D9FDA64D2649A52100CA84D3 /* Extension.swift */; };
		D9FDA6562649A52100CA84D3 /* RequestStatus.swift in Sources */ = {isa = PBXBuildFile; fileRef = D9FDA64E2649A52100CA84D3 /* RequestStatus.swift */; };
		D9FDA6572649A52100CA84D3 /* Networkable.swift in Sources */ = {isa = PBXBuildFile; fileRef = D9FDA64F2649A52100CA84D3 /* Networkable.swift */; };
		D9FDA6582649A52100CA84D3 /* Loadable.swift in Sources */ = {isa = PBXBuildFile; fileRef = D9FDA6502649A52100CA84D3 /* Loadable.swift */; };
		D9FDA6592649A52100CA84D3 /* NetworkError.swift in Sources */ = {isa = PBXBuildFile; fileRef = D9FDA6512649A52100CA84D3 /* NetworkError.swift */; };
		D9FDA65A2649A52100CA84D3 /* RemoteTarget.swift in Sources */ = {isa = PBXBuildFile; fileRef = D9FDA6522649A52100CA84D3 /* RemoteTarget.swift */; };
/* End PBXBuildFile section */

/* Begin PBXFileReference section */
		D9FDA61926483EC200CA84D3 /* RecipeSearch.app */ = {isa = PBXFileReference; explicitFileType = wrapper.application; includeInIndex = 0; path = RecipeSearch.app; sourceTree = BUILT_PRODUCTS_DIR; };
		D9FDA61C26483EC200CA84D3 /* AppDelegate.swift */ = {isa = PBXFileReference; lastKnownFileType = sourcecode.swift; path = AppDelegate.swift; sourceTree = "<group>"; };
		D9FDA62326483EC200CA84D3 /* Base */ = {isa = PBXFileReference; lastKnownFileType = file.storyboard; name = Base; path = Base.lproj/Home.storyboard; sourceTree = "<group>"; };
		D9FDA62526483EC700CA84D3 /* Assets.xcassets */ = {isa = PBXFileReference; lastKnownFileType = folder.assetcatalog; path = Assets.xcassets; sourceTree = "<group>"; };
		D9FDA62826483EC700CA84D3 /* Base */ = {isa = PBXFileReference; lastKnownFileType = file.storyboard; name = Base; path = Base.lproj/LaunchScreen.storyboard; sourceTree = "<group>"; };
		D9FDA62A26483EC700CA84D3 /* Info.plist */ = {isa = PBXFileReference; lastKnownFileType = text.plist.xml; path = Info.plist; sourceTree = "<group>"; };
		D9FDA6392648403200CA84D3 /* HomeViewController.swift */ = {isa = PBXFileReference; lastKnownFileType = sourcecode.swift; path = HomeViewController.swift; sourceTree = "<group>"; };
		D9FDA64B2649A52100CA84D3 /* Encoding.swift */ = {isa = PBXFileReference; fileEncoding = 4; lastKnownFileType = sourcecode.swift; path = Encoding.swift; sourceTree = "<group>"; };
		D9FDA64C2649A52100CA84D3 /* NetworkManager.swift */ = {isa = PBXFileReference; fileEncoding = 4; lastKnownFileType = sourcecode.swift; path = NetworkManager.swift; sourceTree = "<group>"; };
		D9FDA64D2649A52100CA84D3 /* Extension.swift */ = {isa = PBXFileReference; fileEncoding = 4; lastKnownFileType = sourcecode.swift; path = Extension.swift; sourceTree = "<group>"; };
		D9FDA64E2649A52100CA84D3 /* RequestStatus.swift */ = {isa = PBXFileReference; fileEncoding = 4; lastKnownFileType = sourcecode.swift; path = RequestStatus.swift; sourceTree = "<group>"; };
		D9FDA64F2649A52100CA84D3 /* Networkable.swift */ = {isa = PBXFileReference; fileEncoding = 4; lastKnownFileType = sourcecode.swift; path = Networkable.swift; sourceTree = "<group>"; };
		D9FDA6502649A52100CA84D3 /* Loadable.swift */ = {isa = PBXFileReference; fileEncoding = 4; lastKnownFileType = sourcecode.swift; path = Loadable.swift; sourceTree = "<group>"; };
		D9FDA6512649A52100CA84D3 /* NetworkError.swift */ = {isa = PBXFileReference; fileEncoding = 4; lastKnownFileType = sourcecode.swift; path = NetworkError.swift; sourceTree = "<group>"; };
		D9FDA6522649A52100CA84D3 /* RemoteTarget.swift */ = {isa = PBXFileReference; fileEncoding = 4; lastKnownFileType = sourcecode.swift; path = RemoteTarget.swift; sourceTree = "<group>"; };
/* End PBXFileReference section */

/* Begin PBXFrameworksBuildPhase section */
		D9FDA61626483EC200CA84D3 /* Frameworks */ = {
			isa = PBXFrameworksBuildPhase;
			buildActionMask = 2147483647;
			files = (
			);
			runOnlyForDeploymentPostprocessing = 0;
		};
/* End PBXFrameworksBuildPhase section */

/* Begin PBXGroup section */
		D9FDA61026483EC200CA84D3 = {
			isa = PBXGroup;
			children = (
				D9FDA61B26483EC200CA84D3 /* RecipeSearch */,
				D9FDA61A26483EC200CA84D3 /* Products */,
			);
			sourceTree = "<group>";
		};
		D9FDA61A26483EC200CA84D3 /* Products */ = {
			isa = PBXGroup;
			children = (
				D9FDA61926483EC200CA84D3 /* RecipeSearch.app */,
			);
			name = Products;
			sourceTree = "<group>";
		};
		D9FDA61B26483EC200CA84D3 /* RecipeSearch */ = {
			isa = PBXGroup;
			children = (
				D9FDA63226483F4000CA84D3 /* Resources */,
				D9FDA63326483F6000CA84D3 /* Configurations */,
				D9FDA63026483F1900CA84D3 /* App */,
				D9FDA63126483F2A00CA84D3 /* Storybords */,
				D9FDA63526483FBD00CA84D3 /* Core */,
			);
			path = RecipeSearch;
			sourceTree = "<group>";
		};
		D9FDA63026483F1900CA84D3 /* App */ = {
			isa = PBXGroup;
			children = (
				D9FDA61C26483EC200CA84D3 /* AppDelegate.swift */,
			);
			path = App;
			sourceTree = "<group>";
		};
		D9FDA63126483F2A00CA84D3 /* Storybords */ = {
			isa = PBXGroup;
			children = (
				D9FDA62726483EC700CA84D3 /* LaunchScreen.storyboard */,
				D9FDA62226483EC200CA84D3 /* Home.storyboard */,
			);
			path = Storybords;
			sourceTree = "<group>";
		};
		D9FDA63226483F4000CA84D3 /* Resources */ = {
			isa = PBXGroup;
			children = (
				D9FDA62526483EC700CA84D3 /* Assets.xcassets */,
			);
			path = Resources;
			sourceTree = "<group>";
		};
		D9FDA63326483F6000CA84D3 /* Configurations */ = {
			isa = PBXGroup;
			children = (
				D9FDA62A26483EC700CA84D3 /* Info.plist */,
			);
			path = Configurations;
			sourceTree = "<group>";
		};
		D9FDA63426483FA700CA84D3 /* Modules */ = {
			isa = PBXGroup;
			children = (
				D9FDA63726483FE900CA84D3 /* Home */,
			);
			path = Modules;
			sourceTree = "<group>";
		};
		D9FDA63526483FBD00CA84D3 /* Core */ = {
			isa = PBXGroup;
			children = (
				D9FDA6472649A4F500CA84D3 /* Services */,
				D9FDA63626483FC700CA84D3 /* Extensions */,
				D9FDA63426483FA700CA84D3 /* Modules */,
			);
			path = Core;
			sourceTree = "<group>";
		};
		D9FDA63626483FC700CA84D3 /* Extensions */ = {
			isa = PBXGroup;
			children = (
			);
			path = Extensions;
			sourceTree = "<group>";
		};
		D9FDA63726483FE900CA84D3 /* Home */ = {
			isa = PBXGroup;
			children = (
				D9FDA63826483FF100CA84D3 /* Controller */,
			);
			path = Home;
			sourceTree = "<group>";
		};
		D9FDA63826483FF100CA84D3 /* Controller */ = {
			isa = PBXGroup;
			children = (
				D9FDA6392648403200CA84D3 /* HomeViewController.swift */,
			);
			path = Controller;
			sourceTree = "<group>";
		};
		D9FDA6472649A4F500CA84D3 /* Services */ = {
			isa = PBXGroup;
			children = (
				D9FDA6492649A50800CA84D3 /* Local */,
				D9FDA6482649A50100CA84D3 /* Remote */,
			);
			path = Services;
			sourceTree = "<group>";
		};
		D9FDA6482649A50100CA84D3 /* Remote */ = {
			isa = PBXGroup;
			children = (
				D9FDA65B2649A58700CA84D3 /* APIs */,
				D9FDA64A2649A52100CA84D3 /* Network Manager */,
			);
			path = Remote;
			sourceTree = "<group>";
		};
		D9FDA6492649A50800CA84D3 /* Local */ = {
			isa = PBXGroup;
			children = (
			);
			path = Local;
			sourceTree = "<group>";
		};
		D9FDA64A2649A52100CA84D3 /* Network Manager */ = {
			isa = PBXGroup;
			children = (
				D9FDA64B2649A52100CA84D3 /* Encoding.swift */,
				D9FDA64C2649A52100CA84D3 /* NetworkManager.swift */,
				D9FDA64D2649A52100CA84D3 /* Extension.swift */,
				D9FDA64E2649A52100CA84D3 /* RequestStatus.swift */,
				D9FDA64F2649A52100CA84D3 /* Networkable.swift */,
				D9FDA6502649A52100CA84D3 /* Loadable.swift */,
				D9FDA6512649A52100CA84D3 /* NetworkError.swift */,
				D9FDA6522649A52100CA84D3 /* RemoteTarget.swift */,
			);
			path = "Network Manager";
			sourceTree = "<group>";
		};
		D9FDA65B2649A58700CA84D3 /* APIs */ = {
			isa = PBXGroup;
			children = (
			);
			path = APIs;
			sourceTree = "<group>";
		};
/* End PBXGroup section */

/* Begin PBXNativeTarget section */
		D9FDA61826483EC200CA84D3 /* RecipeSearch */ = {
			isa = PBXNativeTarget;
			buildConfigurationList = D9FDA62D26483EC700CA84D3 /* Build configuration list for PBXNativeTarget "RecipeSearch" */;
			buildPhases = (
				D9FDA61526483EC200CA84D3 /* Sources */,
				D9FDA61626483EC200CA84D3 /* Frameworks */,
				D9FDA61726483EC200CA84D3 /* Resources */,
			);
			buildRules = (
			);
			dependencies = (
			);
			name = RecipeSearch;
			productName = RecipeSearch;
			productReference = D9FDA61926483EC200CA84D3 /* RecipeSearch.app */;
			productType = "com.apple.product-type.application";
		};
/* End PBXNativeTarget section */

/* Begin PBXProject section */
		D9FDA61126483EC200CA84D3 /* Project object */ = {
			isa = PBXProject;
			attributes = {
				LastSwiftUpdateCheck = 1250;
				LastUpgradeCheck = 1250;
				ORGANIZATIONNAME = "Mohamed Shemy";
				TargetAttributes = {
					D9FDA61826483EC200CA84D3 = {
						CreatedOnToolsVersion = 12.5;
					};
				};
			};
			buildConfigurationList = D9FDA61426483EC200CA84D3 /* Build configuration list for PBXProject "RecipeSearch" */;
			compatibilityVersion = "Xcode 9.3";
			developmentRegion = en;
			hasScannedForEncodings = 0;
			knownRegions = (
				en,
				Base,
			);
			mainGroup = D9FDA61026483EC200CA84D3;
			productRefGroup = D9FDA61A26483EC200CA84D3 /* Products */;
			projectDirPath = "";
			projectRoot = "";
			targets = (
				D9FDA61826483EC200CA84D3 /* RecipeSearch */,
			);
		};
/* End PBXProject section */

/* Begin PBXResourcesBuildPhase section */
		D9FDA61726483EC200CA84D3 /* Resources */ = {
			isa = PBXResourcesBuildPhase;
			buildActionMask = 2147483647;
			files = (
				D9FDA62926483EC700CA84D3 /* LaunchScreen.storyboard in Resources */,
				D9FDA62626483EC700CA84D3 /* Assets.xcassets in Resources */,
				D9FDA62426483EC200CA84D3 /* Home.storyboard in Resources */,
			);
			runOnlyForDeploymentPostprocessing = 0;
		};
/* End PBXResourcesBuildPhase section */

/* Begin PBXSourcesBuildPhase section */
		D9FDA61526483EC200CA84D3 /* Sources */ = {
			isa = PBXSourcesBuildPhase;
			buildActionMask = 2147483647;
			files = (
				D9FDA6552649A52100CA84D3 /* Extension.swift in Sources */,
				D9FDA6562649A52100CA84D3 /* RequestStatus.swift in Sources */,
				D9FDA6542649A52100CA84D3 /* NetworkManager.swift in Sources */,
				D9FDA6572649A52100CA84D3 /* Networkable.swift in Sources */,
				D9FDA6532649A52100CA84D3 /* Encoding.swift in Sources */,
				D9FDA6582649A52100CA84D3 /* Loadable.swift in Sources */,
				D9FDA6592649A52100CA84D3 /* NetworkError.swift in Sources */,
				D9FDA61D26483EC200CA84D3 /* AppDelegate.swift in Sources */,
				D9FDA65A2649A52100CA84D3 /* RemoteTarget.swift in Sources */,
				D9FDA63A2648403200CA84D3 /* HomeViewController.swift in Sources */,
			);
			runOnlyForDeploymentPostprocessing = 0;
		};
/* End PBXSourcesBuildPhase section */

/* Begin PBXVariantGroup section */
		D9FDA62226483EC200CA84D3 /* Home.storyboard */ = {
			isa = PBXVariantGroup;
			children = (
				D9FDA62326483EC200CA84D3 /* Base */,
			);
			name = Home.storyboard;
			sourceTree = "<group>";
		};
		D9FDA62726483EC700CA84D3 /* LaunchScreen.storyboard */ = {
			isa = PBXVariantGroup;
			children = (
				D9FDA62826483EC700CA84D3 /* Base */,
			);
			name = LaunchScreen.storyboard;
			sourceTree = "<group>";
		};
/* End PBXVariantGroup section */

/* Begin XCBuildConfiguration section */
		D9FDA62B26483EC700CA84D3 /* Debug */ = {
			isa = XCBuildConfiguration;
			buildSettings = {
				ALWAYS_SEARCH_USER_PATHS = NO;
				CLANG_ANALYZER_NONNULL = YES;
				CLANG_ANALYZER_NUMBER_OBJECT_CONVERSION = YES_AGGRESSIVE;
				CLANG_CXX_LANGUAGE_STANDARD = "gnu++14";
				CLANG_CXX_LIBRARY = "libc++";
				CLANG_ENABLE_MODULES = YES;
				CLANG_ENABLE_OBJC_ARC = YES;
				CLANG_ENABLE_OBJC_WEAK = YES;
				CLANG_WARN_BLOCK_CAPTURE_AUTORELEASING = YES;
				CLANG_WARN_BOOL_CONVERSION = YES;
				CLANG_WARN_COMMA = YES;
				CLANG_WARN_CONSTANT_CONVERSION = YES;
				CLANG_WARN_DEPRECATED_OBJC_IMPLEMENTATIONS = YES;
				CLANG_WARN_DIRECT_OBJC_ISA_USAGE = YES_ERROR;
				CLANG_WARN_DOCUMENTATION_COMMENTS = YES;
				CLANG_WARN_EMPTY_BODY = YES;
				CLANG_WARN_ENUM_CONVERSION = YES;
				CLANG_WARN_INFINITE_RECURSION = YES;
				CLANG_WARN_INT_CONVERSION = YES;
				CLANG_WARN_NON_LITERAL_NULL_CONVERSION = YES;
				CLANG_WARN_OBJC_IMPLICIT_RETAIN_SELF = YES;
				CLANG_WARN_OBJC_LITERAL_CONVERSION = YES;
				CLANG_WARN_OBJC_ROOT_CLASS = YES_ERROR;
				CLANG_WARN_QUOTED_INCLUDE_IN_FRAMEWORK_HEADER = YES;
				CLANG_WARN_RANGE_LOOP_ANALYSIS = YES;
				CLANG_WARN_STRICT_PROTOTYPES = YES;
				CLANG_WARN_SUSPICIOUS_MOVE = YES;
				CLANG_WARN_UNGUARDED_AVAILABILITY = YES_AGGRESSIVE;
				CLANG_WARN_UNREACHABLE_CODE = YES;
				CLANG_WARN__DUPLICATE_METHOD_MATCH = YES;
				COPY_PHASE_STRIP = NO;
				DEBUG_INFORMATION_FORMAT = dwarf;
				ENABLE_STRICT_OBJC_MSGSEND = YES;
				ENABLE_TESTABILITY = YES;
				GCC_C_LANGUAGE_STANDARD = gnu11;
				GCC_DYNAMIC_NO_PIC = NO;
				GCC_NO_COMMON_BLOCKS = YES;
				GCC_OPTIMIZATION_LEVEL = 0;
				GCC_PREPROCESSOR_DEFINITIONS = (
					"DEBUG=1",
					"$(inherited)",
				);
				GCC_WARN_64_TO_32_BIT_CONVERSION = YES;
				GCC_WARN_ABOUT_RETURN_TYPE = YES_ERROR;
				GCC_WARN_UNDECLARED_SELECTOR = YES;
				GCC_WARN_UNINITIALIZED_AUTOS = YES_AGGRESSIVE;
				GCC_WARN_UNUSED_FUNCTION = YES;
				GCC_WARN_UNUSED_VARIABLE = YES;
				IPHONEOS_DEPLOYMENT_TARGET = 14.5;
				MTL_ENABLE_DEBUG_INFO = INCLUDE_SOURCE;
				MTL_FAST_MATH = YES;
				ONLY_ACTIVE_ARCH = YES;
				SDKROOT = iphoneos;
				SWIFT_ACTIVE_COMPILATION_CONDITIONS = DEBUG;
				SWIFT_OPTIMIZATION_LEVEL = "-Onone";
			};
			name = Debug;
		};
		D9FDA62C26483EC700CA84D3 /* Release */ = {
			isa = XCBuildConfiguration;
			buildSettings = {
				ALWAYS_SEARCH_USER_PATHS = NO;
				CLANG_ANALYZER_NONNULL = YES;
				CLANG_ANALYZER_NUMBER_OBJECT_CONVERSION = YES_AGGRESSIVE;
				CLANG_CXX_LANGUAGE_STANDARD = "gnu++14";
				CLANG_CXX_LIBRARY = "libc++";
				CLANG_ENABLE_MODULES = YES;
				CLANG_ENABLE_OBJC_ARC = YES;
				CLANG_ENABLE_OBJC_WEAK = YES;
				CLANG_WARN_BLOCK_CAPTURE_AUTORELEASING = YES;
				CLANG_WARN_BOOL_CONVERSION = YES;
				CLANG_WARN_COMMA = YES;
				CLANG_WARN_CONSTANT_CONVERSION = YES;
				CLANG_WARN_DEPRECATED_OBJC_IMPLEMENTATIONS = YES;
				CLANG_WARN_DIRECT_OBJC_ISA_USAGE = YES_ERROR;
				CLANG_WARN_DOCUMENTATION_COMMENTS = YES;
				CLANG_WARN_EMPTY_BODY = YES;
				CLANG_WARN_ENUM_CONVERSION = YES;
				CLANG_WARN_INFINITE_RECURSION = YES;
				CLANG_WARN_INT_CONVERSION = YES;
				CLANG_WARN_NON_LITERAL_NULL_CONVERSION = YES;
				CLANG_WARN_OBJC_IMPLICIT_RETAIN_SELF = YES;
				CLANG_WARN_OBJC_LITERAL_CONVERSION = YES;
				CLANG_WARN_OBJC_ROOT_CLASS = YES_ERROR;
				CLANG_WARN_QUOTED_INCLUDE_IN_FRAMEWORK_HEADER = YES;
				CLANG_WARN_RANGE_LOOP_ANALYSIS = YES;
				CLANG_WARN_STRICT_PROTOTYPES = YES;
				CLANG_WARN_SUSPICIOUS_MOVE = YES;
				CLANG_WARN_UNGUARDED_AVAILABILITY = YES_AGGRESSIVE;
				CLANG_WARN_UNREACHABLE_CODE = YES;
				CLANG_WARN__DUPLICATE_METHOD_MATCH = YES;
				COPY_PHASE_STRIP = NO;
				DEBUG_INFORMATION_FORMAT = "dwarf-with-dsym";
				ENABLE_NS_ASSERTIONS = NO;
				ENABLE_STRICT_OBJC_MSGSEND = YES;
				GCC_C_LANGUAGE_STANDARD = gnu11;
				GCC_NO_COMMON_BLOCKS = YES;
				GCC_WARN_64_TO_32_BIT_CONVERSION = YES;
				GCC_WARN_ABOUT_RETURN_TYPE = YES_ERROR;
				GCC_WARN_UNDECLARED_SELECTOR = YES;
				GCC_WARN_UNINITIALIZED_AUTOS = YES_AGGRESSIVE;
				GCC_WARN_UNUSED_FUNCTION = YES;
				GCC_WARN_UNUSED_VARIABLE = YES;
				IPHONEOS_DEPLOYMENT_TARGET = 14.5;
				MTL_ENABLE_DEBUG_INFO = NO;
				MTL_FAST_MATH = YES;
				SDKROOT = iphoneos;
				SWIFT_COMPILATION_MODE = wholemodule;
				SWIFT_OPTIMIZATION_LEVEL = "-O";
				VALIDATE_PRODUCT = YES;
			};
			name = Release;
		};
		D9FDA62E26483EC700CA84D3 /* Debug */ = {
			isa = XCBuildConfiguration;
			buildSettings = {
				ASSETCATALOG_COMPILER_APPICON_NAME = AppIcon;
				ASSETCATALOG_COMPILER_GLOBAL_ACCENT_COLOR_NAME = AccentColor;
				CODE_SIGN_STYLE = Automatic;
				DEVELOPMENT_TEAM = 57CN6FH4FY;
				INFOPLIST_FILE = RecipeSearch/Configurations/Info.plist;
				LD_RUNPATH_SEARCH_PATHS = (
					"$(inherited)",
					"@executable_path/Frameworks",
				);
				PRODUCT_BUNDLE_IDENTIFIER = com.shemy.RecipeSearch;
				PRODUCT_NAME = "$(TARGET_NAME)";
				SWIFT_VERSION = 5.0;
				TARGETED_DEVICE_FAMILY = "1,2";
			};
			name = Debug;
		};
		D9FDA62F26483EC700CA84D3 /* Release */ = {
			isa = XCBuildConfiguration;
			buildSettings = {
				ASSETCATALOG_COMPILER_APPICON_NAME = AppIcon;
				ASSETCATALOG_COMPILER_GLOBAL_ACCENT_COLOR_NAME = AccentColor;
				CODE_SIGN_STYLE = Automatic;
				DEVELOPMENT_TEAM = 57CN6FH4FY;
				INFOPLIST_FILE = RecipeSearch/Configurations/Info.plist;
				LD_RUNPATH_SEARCH_PATHS = (
					"$(inherited)",
					"@executable_path/Frameworks",
				);
				PRODUCT_BUNDLE_IDENTIFIER = com.shemy.RecipeSearch;
				PRODUCT_NAME = "$(TARGET_NAME)";
				SWIFT_VERSION = 5.0;
				TARGETED_DEVICE_FAMILY = "1,2";
			};
			name = Release;
		};
/* End XCBuildConfiguration section */

/* Begin XCConfigurationList section */
		D9FDA61426483EC200CA84D3 /* Build configuration list for PBXProject "RecipeSearch" */ = {
			isa = XCConfigurationList;
			buildConfigurations = (
				D9FDA62B26483EC700CA84D3 /* Debug */,
				D9FDA62C26483EC700CA84D3 /* Release */,
			);
			defaultConfigurationIsVisible = 0;
			defaultConfigurationName = Release;
		};
		D9FDA62D26483EC700CA84D3 /* Build configuration list for PBXNativeTarget "RecipeSearch" */ = {
			isa = XCConfigurationList;
			buildConfigurations = (
				D9FDA62E26483EC700CA84D3 /* Debug */,
				D9FDA62F26483EC700CA84D3 /* Release */,
			);
			defaultConfigurationIsVisible = 0;
			defaultConfigurationName = Release;
		};
/* End XCConfigurationList section */
	};
	rootObject = D9FDA61126483EC200CA84D3 /* Project object */;
}
