// !$*UTF8*$!
{
	archiveVersion = 1;
	classes = {
	};
	objectVersion = 50;
	objects = {

/* Begin PBXBuildFile section */
		D939C83D264D9726000677AD /* SuggestionBox.swift in Sources */ = {isa = PBXBuildFile; fileRef = D939C83C264D9726000677AD /* SuggestionBox.swift */; };
		D939C840264D98C5000677AD /* PersistenceController.swift in Sources */ = {isa = PBXBuildFile; fileRef = D939C83F264D98C5000677AD /* PersistenceController.swift */; };
		D939C844264D9964000677AD /* SuggestionModel.xcdatamodeld in Sources */ = {isa = PBXBuildFile; fileRef = D939C842264D9964000677AD /* SuggestionModel.xcdatamodeld */; };
		D939C846264D9C97000677AD /* Int + Index.swift in Sources */ = {isa = PBXBuildFile; fileRef = D939C845264D9C97000677AD /* Int + Index.swift */; };
		D939C848264DB1EE000677AD /* Collection.swift in Sources */ = {isa = PBXBuildFile; fileRef = D939C847264DB1EE000677AD /* Collection.swift */; };
		D939C84B264DBCAB000677AD /* RecipeDetails.storyboard in Resources */ = {isa = PBXBuildFile; fileRef = D939C849264DBCAB000677AD /* RecipeDetails.storyboard */; };
		D939C850264DBD38000677AD /* RecipeDetailsViewController.swift in Sources */ = {isa = PBXBuildFile; fileRef = D939C84F264DBD38000677AD /* RecipeDetailsViewController.swift */; };
		D939C852264DF94E000677AD /* RecipeDetailsRespnse.swift in Sources */ = {isa = PBXBuildFile; fileRef = D939C851264DF94E000677AD /* RecipeDetailsRespnse.swift */; };
		D939C854264E0172000677AD /* RecipeDetailsVIPProtocols.swift in Sources */ = {isa = PBXBuildFile; fileRef = D939C853264E0172000677AD /* RecipeDetailsVIPProtocols.swift */; };
		D939C856264E01A1000677AD /* RecipeDetailsInteractor.swift in Sources */ = {isa = PBXBuildFile; fileRef = D939C855264E01A1000677AD /* RecipeDetailsInteractor.swift */; };
		D939C858264E01C7000677AD /* RecipeDetailsPresenter.swift in Sources */ = {isa = PBXBuildFile; fileRef = D939C857264E01C7000677AD /* RecipeDetailsPresenter.swift */; };
		D958A654264E9144001B9B42 /* String.swift in Sources */ = {isa = PBXBuildFile; fileRef = D958A653264E9144001B9B42 /* String.swift */; };
		D96DBB87264B1AF600F004E6 /* HomeVIPProtocols.swift in Sources */ = {isa = PBXBuildFile; fileRef = D96DBB86264B1AF600F004E6 /* HomeVIPProtocols.swift */; };
		D96DBB89264B1B0800F004E6 /* HomeInteractor.swift in Sources */ = {isa = PBXBuildFile; fileRef = D96DBB88264B1B0800F004E6 /* HomeInteractor.swift */; };
		D96DBB8B264B1B1400F004E6 /* HomePresenter.swift in Sources */ = {isa = PBXBuildFile; fileRef = D96DBB8A264B1B1400F004E6 /* HomePresenter.swift */; };
		D96DBB8E264B1D2C00F004E6 /* Titles.swift in Sources */ = {isa = PBXBuildFile; fileRef = D96DBB8D264B1D2C00F004E6 /* Titles.swift */; };
		D96DBB90264B1D5F00F004E6 /* Alerts.swift in Sources */ = {isa = PBXBuildFile; fileRef = D96DBB8F264B1D5F00F004E6 /* Alerts.swift */; };
		D96DBB92264B1F6500F004E6 /* UIViewController + Alerts.swift in Sources */ = {isa = PBXBuildFile; fileRef = D96DBB91264B1F6500F004E6 /* UIViewController + Alerts.swift */; };
		D96DBB97264B207700F004E6 /* TableViewDataSource.swift in Sources */ = {isa = PBXBuildFile; fileRef = D96DBB96264B207700F004E6 /* TableViewDataSource.swift */; };
		D96DBB99264B209B00F004E6 /* ConfigurableCell.swift in Sources */ = {isa = PBXBuildFile; fileRef = D96DBB98264B209B00F004E6 /* ConfigurableCell.swift */; };
		D96DBB9E264B228800F004E6 /* RecipeTableViewCell.swift in Sources */ = {isa = PBXBuildFile; fileRef = D96DBB9C264B228800F004E6 /* RecipeTableViewCell.swift */; };
		D96DBB9F264B228800F004E6 /* RecipeTableViewCell.xib in Resources */ = {isa = PBXBuildFile; fileRef = D96DBB9D264B228800F004E6 /* RecipeTableViewCell.xib */; };
		D96DBBA2264B2C3C00F004E6 /* HomeDataManager.swift in Sources */ = {isa = PBXBuildFile; fileRef = D96DBBA1264B2C3C00F004E6 /* HomeDataManager.swift */; };
		D96E38BC264C29E8008BEB11 /* SearchRespnse.swift in Sources */ = {isa = PBXBuildFile; fileRef = D96E38BB264C29E8008BEB11 /* SearchRespnse.swift */; };
		D96E38BF264C310B008BEB11 /* ImageStore.swift in Sources */ = {isa = PBXBuildFile; fileRef = D96E38BE264C310B008BEB11 /* ImageStore.swift */; };
		D96E38C1264C3883008BEB11 /* UIImageView + RemoteImage.swift in Sources */ = {isa = PBXBuildFile; fileRef = D96E38C0264C3883008BEB11 /* UIImageView + RemoteImage.swift */; };
		D96E38C5264C454F008BEB11 /* DropDown.swift in Sources */ = {isa = PBXBuildFile; fileRef = D96E38C4264C454F008BEB11 /* DropDown.swift */; };
		D96E38C7264C489B008BEB11 /* UIView + LayoutConstraint.swift in Sources */ = {isa = PBXBuildFile; fileRef = D96E38C6264C489B008BEB11 /* UIView + LayoutConstraint.swift */; };
		D974E3EE26503C8E00F1D185 /* HomeTests.swift in Sources */ = {isa = PBXBuildFile; fileRef = D974E3ED26503C8E00F1D185 /* HomeTests.swift */; };
		D974E3F8265044B800F1D185 /* PizzaRecipes.json in Resources */ = {isa = PBXBuildFile; fileRef = D974E3F6265044B700F1D185 /* PizzaRecipes.json */; };
		D974E3F9265044B800F1D185 /* PizzaRecipes.json in Resources */ = {isa = PBXBuildFile; fileRef = D974E3F6265044B700F1D185 /* PizzaRecipes.json */; };
		D974E3FA265044B800F1D185 /* Recipe47746.json in Resources */ = {isa = PBXBuildFile; fileRef = D974E3F7265044B800F1D185 /* Recipe47746.json */; };
		D974E3FB265044B800F1D185 /* Recipe47746.json in Resources */ = {isa = PBXBuildFile; fileRef = D974E3F7265044B800F1D185 /* Recipe47746.json */; };
		D974E3FE26506CAD00F1D185 /* Loader.swift in Sources */ = {isa = PBXBuildFile; fileRef = D974E3FD26506CAD00F1D185 /* Loader.swift */; };
		D974E3FF26506CAD00F1D185 /* Loader.swift in Sources */ = {isa = PBXBuildFile; fileRef = D974E3FD26506CAD00F1D185 /* Loader.swift */; };
		D974E4002650703F00F1D185 /* ForkifyNetworkable.swift in Sources */ = {isa = PBXBuildFile; fileRef = D99FF081264AF95600D02F80 /* ForkifyNetworkable.swift */; };
		D974E4012650703F00F1D185 /* ForkifyAPI.swift in Sources */ = {isa = PBXBuildFile; fileRef = D99FF07F264AF68400D02F80 /* ForkifyAPI.swift */; };
		D974E4022650703F00F1D185 /* ForkifyNetworkManager.swift in Sources */ = {isa = PBXBuildFile; fileRef = D99FF083264AFA5100D02F80 /* ForkifyNetworkManager.swift */; };
		D974E4032650704F00F1D185 /* Extension.swift in Sources */ = {isa = PBXBuildFile; fileRef = D9FDA64D2649A52100CA84D3 /* Extension.swift */; };
		D974E4042650704F00F1D185 /* Loadable.swift in Sources */ = {isa = PBXBuildFile; fileRef = D9FDA6502649A52100CA84D3 /* Loadable.swift */; };
		D974E4052650704F00F1D185 /* RequestStatus.swift in Sources */ = {isa = PBXBuildFile; fileRef = D9FDA64E2649A52100CA84D3 /* RequestStatus.swift */; };
		D974E4062650704F00F1D185 /* NetworkManager.swift in Sources */ = {isa = PBXBuildFile; fileRef = D9FDA64C2649A52100CA84D3 /* NetworkManager.swift */; };
		D974E4072650704F00F1D185 /* Encoding.swift in Sources */ = {isa = PBXBuildFile; fileRef = D9FDA64B2649A52100CA84D3 /* Encoding.swift */; };
		D974E4082650704F00F1D185 /* RemoteTarget.swift in Sources */ = {isa = PBXBuildFile; fileRef = D9FDA6522649A52100CA84D3 /* RemoteTarget.swift */; };
		D974E4092650704F00F1D185 /* NetworkError.swift in Sources */ = {isa = PBXBuildFile; fileRef = D9FDA6512649A52100CA84D3 /* NetworkError.swift */; };
		D974E40A2650704F00F1D185 /* Networkable.swift in Sources */ = {isa = PBXBuildFile; fileRef = D9FDA64F2649A52100CA84D3 /* Networkable.swift */; };
		D974E40B2650706B00F1D185 /* RecipeDetailsVIPProtocols.swift in Sources */ = {isa = PBXBuildFile; fileRef = D939C853264E0172000677AD /* RecipeDetailsVIPProtocols.swift */; };
		D974E40C2650707900F1D185 /* HomeVIPProtocols.swift in Sources */ = {isa = PBXBuildFile; fileRef = D96DBB86264B1AF600F004E6 /* HomeVIPProtocols.swift */; };
		D974E40D2650707900F1D185 /* HomePresenter.swift in Sources */ = {isa = PBXBuildFile; fileRef = D96DBB8A264B1B1400F004E6 /* HomePresenter.swift */; };
		D974E40E2650707900F1D185 /* HomeInteractor.swift in Sources */ = {isa = PBXBuildFile; fileRef = D96DBB88264B1B0800F004E6 /* HomeInteractor.swift */; };
		D974E40F2650707E00F1D185 /* HomeDataManager.swift in Sources */ = {isa = PBXBuildFile; fileRef = D96DBBA1264B2C3C00F004E6 /* HomeDataManager.swift */; };
		D974E4102650707E00F1D185 /* HomeDataManagerDelegate.swift in Sources */ = {isa = PBXBuildFile; fileRef = D996893F264BE37C0009135C /* HomeDataManagerDelegate.swift */; };
		D974E4112650708B00F1D185 /* SearchRespnse.swift in Sources */ = {isa = PBXBuildFile; fileRef = D96E38BB264C29E8008BEB11 /* SearchRespnse.swift */; };
		D974E4122650708B00F1D185 /* Recipe.swift in Sources */ = {isa = PBXBuildFile; fileRef = D9FDA65D2649C21900CA84D3 /* Recipe.swift */; };
		D974E4132650708B00F1D185 /* RecipeInfoModel.swift in Sources */ = {isa = PBXBuildFile; fileRef = D9FDA65F2649C3A100CA84D3 /* RecipeInfoModel.swift */; };
		D974E4142650708B00F1D185 /* RecipeDetailsRespnse.swift in Sources */ = {isa = PBXBuildFile; fileRef = D939C851264DF94E000677AD /* RecipeDetailsRespnse.swift */; };
		D974E41526511B6D00F1D185 /* SuggestionModel.xcdatamodeld in Sources */ = {isa = PBXBuildFile; fileRef = D939C842264D9964000677AD /* SuggestionModel.xcdatamodeld */; };
		D974E4162651247600F1D185 /* RecipeRouter.swift in Sources */ = {isa = PBXBuildFile; fileRef = D996894F264C16580009135C /* RecipeRouter.swift */; };
		D974E4172651247E00F1D185 /* Alerts.swift in Sources */ = {isa = PBXBuildFile; fileRef = D96DBB8F264B1D5F00F004E6 /* Alerts.swift */; };
		D974E4182651248F00F1D185 /* TableViewDataSource.swift in Sources */ = {isa = PBXBuildFile; fileRef = D96DBB96264B207700F004E6 /* TableViewDataSource.swift */; };
		D974E419265124A000F1D185 /* SuggestionBox.swift in Sources */ = {isa = PBXBuildFile; fileRef = D939C83C264D9726000677AD /* SuggestionBox.swift */; };
		D974E41A265124FD00F1D185 /* ConfigurableCell.swift in Sources */ = {isa = PBXBuildFile; fileRef = D96DBB98264B209B00F004E6 /* ConfigurableCell.swift */; };
		D974E41B2651250800F1D185 /* UITableView.swift in Sources */ = {isa = PBXBuildFile; fileRef = D9968941264BEF6E0009135C /* UITableView.swift */; };
		D974E41C2651251600F1D185 /* RecipeTableViewCell.swift in Sources */ = {isa = PBXBuildFile; fileRef = D96DBB9C264B228800F004E6 /* RecipeTableViewCell.swift */; };
		D974E41D2651252800F1D185 /* PersistenceController.swift in Sources */ = {isa = PBXBuildFile; fileRef = D939C83F264D98C5000677AD /* PersistenceController.swift */; };
		D974E41E2651253000F1D185 /* Collection.swift in Sources */ = {isa = PBXBuildFile; fileRef = D939C847264DB1EE000677AD /* Collection.swift */; };
		D974E41F2651253700F1D185 /* Int + Index.swift in Sources */ = {isa = PBXBuildFile; fileRef = D939C845264D9C97000677AD /* Int + Index.swift */; };
		D974E4202651289B00F1D185 /* Navigator.swift in Sources */ = {isa = PBXBuildFile; fileRef = D9968947264C13C10009135C /* Navigator.swift */; };
		D974E421265128A100F1D185 /* RecipeNavigator.swift in Sources */ = {isa = PBXBuildFile; fileRef = D9968952264C16A30009135C /* RecipeNavigator.swift */; };
		D974E4222651291600F1D185 /* UIImageView + RemoteImage.swift in Sources */ = {isa = PBXBuildFile; fileRef = D96E38C0264C3883008BEB11 /* UIImageView + RemoteImage.swift */; };
		D974E4232651292000F1D185 /* Navigatable.swift in Sources */ = {isa = PBXBuildFile; fileRef = D9968945264C129B0009135C /* Navigatable.swift */; };
		D974E4242651292700F1D185 /* UIViewController + Navigator.swift in Sources */ = {isa = PBXBuildFile; fileRef = D9968949264C14010009135C /* UIViewController + Navigator.swift */; };
		D974E4252651293300F1D185 /* UIApplecation + Navigation.swift in Sources */ = {isa = PBXBuildFile; fileRef = D996894D264C15D50009135C /* UIApplecation + Navigation.swift */; };
		D974E4262651296100F1D185 /* RecipeDetailsViewController.swift in Sources */ = {isa = PBXBuildFile; fileRef = D939C84F264DBD38000677AD /* RecipeDetailsViewController.swift */; };
		D974E4272651298600F1D185 /* ImageStore.swift in Sources */ = {isa = PBXBuildFile; fileRef = D96E38BE264C310B008BEB11 /* ImageStore.swift */; };
		D974E428265129BC00F1D185 /* UIStoryboard + UIViewController + Instantiate.swift in Sources */ = {isa = PBXBuildFile; fileRef = D9968956264C1A5F0009135C /* UIStoryboard + UIViewController + Instantiate.swift */; };
		D974E429265129BC00F1D185 /* String.swift in Sources */ = {isa = PBXBuildFile; fileRef = D958A653264E9144001B9B42 /* String.swift */; };
		D974E42A265129BC00F1D185 /* UIView + LayoutConstraint.swift in Sources */ = {isa = PBXBuildFile; fileRef = D96E38C6264C489B008BEB11 /* UIView + LayoutConstraint.swift */; };
		D974E42B265129BC00F1D185 /* UIViewController + Alerts.swift in Sources */ = {isa = PBXBuildFile; fileRef = D96DBB91264B1F6500F004E6 /* UIViewController + Alerts.swift */; };
		D974E42C265129DC00F1D185 /* Titles.swift in Sources */ = {isa = PBXBuildFile; fileRef = D96DBB8D264B1D2C00F004E6 /* Titles.swift */; };
		D974E42D265129E900F1D185 /* Storyboard.swift in Sources */ = {isa = PBXBuildFile; fileRef = D9968959264C1B530009135C /* Storyboard.swift */; };
		D974E42E26512A0800F1D185 /* RecipeDetailsPresenter.swift in Sources */ = {isa = PBXBuildFile; fileRef = D939C857264E01C7000677AD /* RecipeDetailsPresenter.swift */; };
		D974E42F26512A0D00F1D185 /* RecipeDetailsInteractor.swift in Sources */ = {isa = PBXBuildFile; fileRef = D939C855264E01A1000677AD /* RecipeDetailsInteractor.swift */; };
		D974E4322651302A00F1D185 /* RecipeDetailsTests.swift in Sources */ = {isa = PBXBuildFile; fileRef = D974E4312651302A00F1D185 /* RecipeDetailsTests.swift */; };
		D9968940264BE37D0009135C /* HomeDataManagerDelegate.swift in Sources */ = {isa = PBXBuildFile; fileRef = D996893F264BE37C0009135C /* HomeDataManagerDelegate.swift */; };
		D9968942264BEF6E0009135C /* UITableView.swift in Sources */ = {isa = PBXBuildFile; fileRef = D9968941264BEF6E0009135C /* UITableView.swift */; };
		D9968946264C129B0009135C /* Navigatable.swift in Sources */ = {isa = PBXBuildFile; fileRef = D9968945264C129B0009135C /* Navigatable.swift */; };
		D9968948264C13C10009135C /* Navigator.swift in Sources */ = {isa = PBXBuildFile; fileRef = D9968947264C13C10009135C /* Navigator.swift */; };
		D996894A264C14010009135C /* UIViewController + Navigator.swift in Sources */ = {isa = PBXBuildFile; fileRef = D9968949264C14010009135C /* UIViewController + Navigator.swift */; };
		D996894E264C15D50009135C /* UIApplecation + Navigation.swift in Sources */ = {isa = PBXBuildFile; fileRef = D996894D264C15D50009135C /* UIApplecation + Navigation.swift */; };
		D9968950264C16580009135C /* RecipeRouter.swift in Sources */ = {isa = PBXBuildFile; fileRef = D996894F264C16580009135C /* RecipeRouter.swift */; };
		D9968953264C16A30009135C /* RecipeNavigator.swift in Sources */ = {isa = PBXBuildFile; fileRef = D9968952264C16A30009135C /* RecipeNavigator.swift */; };
		D9968955264C18370009135C /* AppNavigator.swift in Sources */ = {isa = PBXBuildFile; fileRef = D9968954264C18370009135C /* AppNavigator.swift */; };
		D9968957264C1A5F0009135C /* UIStoryboard + UIViewController + Instantiate.swift in Sources */ = {isa = PBXBuildFile; fileRef = D9968956264C1A5F0009135C /* UIStoryboard + UIViewController + Instantiate.swift */; };
		D996895A264C1B530009135C /* Storyboard.swift in Sources */ = {isa = PBXBuildFile; fileRef = D9968959264C1B530009135C /* Storyboard.swift */; };
		D99FF080264AF68400D02F80 /* ForkifyAPI.swift in Sources */ = {isa = PBXBuildFile; fileRef = D99FF07F264AF68400D02F80 /* ForkifyAPI.swift */; };
		D99FF082264AF95600D02F80 /* ForkifyNetworkable.swift in Sources */ = {isa = PBXBuildFile; fileRef = D99FF081264AF95600D02F80 /* ForkifyNetworkable.swift */; };
		D99FF084264AFA5100D02F80 /* ForkifyNetworkManager.swift in Sources */ = {isa = PBXBuildFile; fileRef = D99FF083264AFA5100D02F80 /* ForkifyNetworkManager.swift */; };
		D9FDA61D26483EC200CA84D3 /* AppDelegate.swift in Sources */ = {isa = PBXBuildFile; fileRef = D9FDA61C26483EC200CA84D3 /* AppDelegate.swift */; };
		D9FDA62426483EC200CA84D3 /* Home.storyboard in Resources */ = {isa = PBXBuildFile; fileRef = D9FDA62226483EC200CA84D3 /* Home.storyboard */; };
		D9FDA62626483EC700CA84D3 /* Assets.xcassets in Resources */ = {isa = PBXBuildFile; fileRef = D9FDA62526483EC700CA84D3 /* Assets.xcassets */; };
		D9FDA62926483EC700CA84D3 /* LaunchScreen.storyboard in Resources */ = {isa = PBXBuildFile; fileRef = D9FDA62726483EC700CA84D3 /* LaunchScreen.storyboard */; };
		D9FDA63A2648403200CA84D3 /* HomeViewController.swift in Sources */ = {isa = PBXBuildFile; fileRef = D9FDA6392648403200CA84D3 /* HomeViewController.swift */; };
		D9FDA6532649A52100CA84D3 /* Encoding.swift in Sources */ = {isa = PBXBuildFile; fileRef = D9FDA64B2649A52100CA84D3 /* Encoding.swift */; };
		D9FDA6542649A52100CA84D3 /* NetworkManager.swift in Sources */ = {isa = PBXBuildFile; fileRef = D9FDA64C2649A52100CA84D3 /* NetworkManager.swift */; };
		D9FDA6552649A52100CA84D3 /* Extension.swift in Sources */ = {isa = PBXBuildFile; fileRef = D9FDA64D2649A52100CA84D3 /* Extension.swift */; };
		D9FDA6562649A52100CA84D3 /* RequestStatus.swift in Sources */ = {isa = PBXBuildFile; fileRef = D9FDA64E2649A52100CA84D3 /* RequestStatus.swift */; };
		D9FDA6572649A52100CA84D3 /* Networkable.swift in Sources */ = {isa = PBXBuildFile; fileRef = D9FDA64F2649A52100CA84D3 /* Networkable.swift */; };
		D9FDA6582649A52100CA84D3 /* Loadable.swift in Sources */ = {isa = PBXBuildFile; fileRef = D9FDA6502649A52100CA84D3 /* Loadable.swift */; };
		D9FDA6592649A52100CA84D3 /* NetworkError.swift in Sources */ = {isa = PBXBuildFile; fileRef = D9FDA6512649A52100CA84D3 /* NetworkError.swift */; };
		D9FDA65A2649A52100CA84D3 /* RemoteTarget.swift in Sources */ = {isa = PBXBuildFile; fileRef = D9FDA6522649A52100CA84D3 /* RemoteTarget.swift */; };
		D9FDA65E2649C21900CA84D3 /* Recipe.swift in Sources */ = {isa = PBXBuildFile; fileRef = D9FDA65D2649C21900CA84D3 /* Recipe.swift */; };
		D9FDA6602649C3A100CA84D3 /* RecipeInfoModel.swift in Sources */ = {isa = PBXBuildFile; fileRef = D9FDA65F2649C3A100CA84D3 /* RecipeInfoModel.swift */; };
/* End PBXBuildFile section */

/* Begin PBXContainerItemProxy section */
		D974E3F026503C8E00F1D185 /* PBXContainerItemProxy */ = {
			isa = PBXContainerItemProxy;
			containerPortal = D9FDA61126483EC200CA84D3 /* Project object */;
			proxyType = 1;
			remoteGlobalIDString = D9FDA61826483EC200CA84D3;
			remoteInfo = RecipeSearch;
		};
/* End PBXContainerItemProxy section */

/* Begin PBXFileReference section */
		D939C83C264D9726000677AD /* SuggestionBox.swift */ = {isa = PBXFileReference; lastKnownFileType = sourcecode.swift; path = SuggestionBox.swift; sourceTree = "<group>"; };
		D939C83F264D98C5000677AD /* PersistenceController.swift */ = {isa = PBXFileReference; lastKnownFileType = sourcecode.swift; path = PersistenceController.swift; sourceTree = "<group>"; };
		D939C843264D9964000677AD /* SuggestionModel.xcdatamodel */ = {isa = PBXFileReference; lastKnownFileType = wrapper.xcdatamodel; path = SuggestionModel.xcdatamodel; sourceTree = "<group>"; };
		D939C845264D9C97000677AD /* Int + Index.swift */ = {isa = PBXFileReference; lastKnownFileType = sourcecode.swift; path = "Int + Index.swift"; sourceTree = "<group>"; };
		D939C847264DB1EE000677AD /* Collection.swift */ = {isa = PBXFileReference; lastKnownFileType = sourcecode.swift; path = Collection.swift; sourceTree = "<group>"; };
		D939C84A264DBCAB000677AD /* Base */ = {isa = PBXFileReference; lastKnownFileType = file.storyboard; name = Base; path = Base.lproj/RecipeDetails.storyboard; sourceTree = "<group>"; };
		D939C84F264DBD38000677AD /* RecipeDetailsViewController.swift */ = {isa = PBXFileReference; lastKnownFileType = sourcecode.swift; path = RecipeDetailsViewController.swift; sourceTree = "<group>"; };
		D939C851264DF94E000677AD /* RecipeDetailsRespnse.swift */ = {isa = PBXFileReference; lastKnownFileType = sourcecode.swift; path = RecipeDetailsRespnse.swift; sourceTree = "<group>"; };
		D939C853264E0172000677AD /* RecipeDetailsVIPProtocols.swift */ = {isa = PBXFileReference; lastKnownFileType = sourcecode.swift; path = RecipeDetailsVIPProtocols.swift; sourceTree = "<group>"; };
		D939C855264E01A1000677AD /* RecipeDetailsInteractor.swift */ = {isa = PBXFileReference; lastKnownFileType = sourcecode.swift; path = RecipeDetailsInteractor.swift; sourceTree = "<group>"; };
		D939C857264E01C7000677AD /* RecipeDetailsPresenter.swift */ = {isa = PBXFileReference; lastKnownFileType = sourcecode.swift; path = RecipeDetailsPresenter.swift; sourceTree = "<group>"; };
		D958A653264E9144001B9B42 /* String.swift */ = {isa = PBXFileReference; lastKnownFileType = sourcecode.swift; path = String.swift; sourceTree = "<group>"; };
		D96DBB86264B1AF600F004E6 /* HomeVIPProtocols.swift */ = {isa = PBXFileReference; lastKnownFileType = sourcecode.swift; path = HomeVIPProtocols.swift; sourceTree = "<group>"; };
		D96DBB88264B1B0800F004E6 /* HomeInteractor.swift */ = {isa = PBXFileReference; lastKnownFileType = sourcecode.swift; path = HomeInteractor.swift; sourceTree = "<group>"; };
		D96DBB8A264B1B1400F004E6 /* HomePresenter.swift */ = {isa = PBXFileReference; lastKnownFileType = sourcecode.swift; path = HomePresenter.swift; sourceTree = "<group>"; };
		D96DBB8D264B1D2C00F004E6 /* Titles.swift */ = {isa = PBXFileReference; lastKnownFileType = sourcecode.swift; path = Titles.swift; sourceTree = "<group>"; };
		D96DBB8F264B1D5F00F004E6 /* Alerts.swift */ = {isa = PBXFileReference; lastKnownFileType = sourcecode.swift; path = Alerts.swift; sourceTree = "<group>"; };
		D96DBB91264B1F6500F004E6 /* UIViewController + Alerts.swift */ = {isa = PBXFileReference; lastKnownFileType = sourcecode.swift; path = "UIViewController + Alerts.swift"; sourceTree = "<group>"; };
		D96DBB96264B207700F004E6 /* TableViewDataSource.swift */ = {isa = PBXFileReference; lastKnownFileType = sourcecode.swift; path = TableViewDataSource.swift; sourceTree = "<group>"; };
		D96DBB98264B209B00F004E6 /* ConfigurableCell.swift */ = {isa = PBXFileReference; lastKnownFileType = sourcecode.swift; path = ConfigurableCell.swift; sourceTree = "<group>"; };
		D96DBB9C264B228800F004E6 /* RecipeTableViewCell.swift */ = {isa = PBXFileReference; lastKnownFileType = sourcecode.swift; path = RecipeTableViewCell.swift; sourceTree = "<group>"; };
		D96DBB9D264B228800F004E6 /* RecipeTableViewCell.xib */ = {isa = PBXFileReference; lastKnownFileType = file.xib; path = RecipeTableViewCell.xib; sourceTree = "<group>"; };
		D96DBBA1264B2C3C00F004E6 /* HomeDataManager.swift */ = {isa = PBXFileReference; lastKnownFileType = sourcecode.swift; path = HomeDataManager.swift; sourceTree = "<group>"; };
		D96E38BB264C29E8008BEB11 /* SearchRespnse.swift */ = {isa = PBXFileReference; lastKnownFileType = sourcecode.swift; path = SearchRespnse.swift; sourceTree = "<group>"; };
		D96E38BE264C310B008BEB11 /* ImageStore.swift */ = {isa = PBXFileReference; lastKnownFileType = sourcecode.swift; path = ImageStore.swift; sourceTree = "<group>"; };
		D96E38C0264C3883008BEB11 /* UIImageView + RemoteImage.swift */ = {isa = PBXFileReference; lastKnownFileType = sourcecode.swift; path = "UIImageView + RemoteImage.swift"; sourceTree = "<group>"; };
		D96E38C4264C454F008BEB11 /* DropDown.swift */ = {isa = PBXFileReference; lastKnownFileType = sourcecode.swift; path = DropDown.swift; sourceTree = "<group>"; };
		D96E38C6264C489B008BEB11 /* UIView + LayoutConstraint.swift */ = {isa = PBXFileReference; lastKnownFileType = sourcecode.swift; path = "UIView + LayoutConstraint.swift"; sourceTree = "<group>"; };
		D974E3EB26503C8E00F1D185 /* RecipeSearchTests.xctest */ = {isa = PBXFileReference; explicitFileType = wrapper.cfbundle; includeInIndex = 0; path = RecipeSearchTests.xctest; sourceTree = BUILT_PRODUCTS_DIR; };
		D974E3ED26503C8E00F1D185 /* HomeTests.swift */ = {isa = PBXFileReference; lastKnownFileType = sourcecode.swift; path = HomeTests.swift; sourceTree = "<group>"; };
		D974E3EF26503C8E00F1D185 /* Info.plist */ = {isa = PBXFileReference; lastKnownFileType = text.plist.xml; path = Info.plist; sourceTree = "<group>"; };
		D974E3F6265044B700F1D185 /* PizzaRecipes.json */ = {isa = PBXFileReference; fileEncoding = 4; lastKnownFileType = text.json; path = PizzaRecipes.json; sourceTree = "<group>"; };
		D974E3F7265044B800F1D185 /* Recipe47746.json */ = {isa = PBXFileReference; fileEncoding = 4; lastKnownFileType = text.json; path = Recipe47746.json; sourceTree = "<group>"; };
		D974E3FD26506CAD00F1D185 /* Loader.swift */ = {isa = PBXFileReference; fileEncoding = 4; lastKnownFileType = sourcecode.swift; path = Loader.swift; sourceTree = "<group>"; };
		D974E4312651302A00F1D185 /* RecipeDetailsTests.swift */ = {isa = PBXFileReference; lastKnownFileType = sourcecode.swift; path = RecipeDetailsTests.swift; sourceTree = "<group>"; };
		D996893F264BE37C0009135C /* HomeDataManagerDelegate.swift */ = {isa = PBXFileReference; lastKnownFileType = sourcecode.swift; path = HomeDataManagerDelegate.swift; sourceTree = "<group>"; };
		D9968941264BEF6E0009135C /* UITableView.swift */ = {isa = PBXFileReference; lastKnownFileType = sourcecode.swift; path = UITableView.swift; sourceTree = "<group>"; };
		D9968945264C129B0009135C /* Navigatable.swift */ = {isa = PBXFileReference; lastKnownFileType = sourcecode.swift; path = Navigatable.swift; sourceTree = "<group>"; };
		D9968947264C13C10009135C /* Navigator.swift */ = {isa = PBXFileReference; lastKnownFileType = sourcecode.swift; path = Navigator.swift; sourceTree = "<group>"; };
		D9968949264C14010009135C /* UIViewController + Navigator.swift */ = {isa = PBXFileReference; lastKnownFileType = sourcecode.swift; path = "UIViewController + Navigator.swift"; sourceTree = "<group>"; };
		D996894D264C15D50009135C /* UIApplecation + Navigation.swift */ = {isa = PBXFileReference; lastKnownFileType = sourcecode.swift; path = "UIApplecation + Navigation.swift"; sourceTree = "<group>"; };
		D996894F264C16580009135C /* RecipeRouter.swift */ = {isa = PBXFileReference; lastKnownFileType = sourcecode.swift; path = RecipeRouter.swift; sourceTree = "<group>"; };
		D9968952264C16A30009135C /* RecipeNavigator.swift */ = {isa = PBXFileReference; lastKnownFileType = sourcecode.swift; path = RecipeNavigator.swift; sourceTree = "<group>"; };
		D9968954264C18370009135C /* AppNavigator.swift */ = {isa = PBXFileReference; lastKnownFileType = sourcecode.swift; path = AppNavigator.swift; sourceTree = "<group>"; };
		D9968956264C1A5F0009135C /* UIStoryboard + UIViewController + Instantiate.swift */ = {isa = PBXFileReference; lastKnownFileType = sourcecode.swift; path = "UIStoryboard + UIViewController + Instantiate.swift"; sourceTree = "<group>"; };
		D9968959264C1B530009135C /* Storyboard.swift */ = {isa = PBXFileReference; lastKnownFileType = sourcecode.swift; path = Storyboard.swift; sourceTree = "<group>"; };
		D99FF07F264AF68400D02F80 /* ForkifyAPI.swift */ = {isa = PBXFileReference; lastKnownFileType = sourcecode.swift; path = ForkifyAPI.swift; sourceTree = "<group>"; };
		D99FF081264AF95600D02F80 /* ForkifyNetworkable.swift */ = {isa = PBXFileReference; lastKnownFileType = sourcecode.swift; path = ForkifyNetworkable.swift; sourceTree = "<group>"; };
		D99FF083264AFA5100D02F80 /* ForkifyNetworkManager.swift */ = {isa = PBXFileReference; lastKnownFileType = sourcecode.swift; path = ForkifyNetworkManager.swift; sourceTree = "<group>"; };
		D9FDA61926483EC200CA84D3 /* RecipeSearch.app */ = {isa = PBXFileReference; explicitFileType = wrapper.application; includeInIndex = 0; path = RecipeSearch.app; sourceTree = BUILT_PRODUCTS_DIR; };
		D9FDA61C26483EC200CA84D3 /* AppDelegate.swift */ = {isa = PBXFileReference; lastKnownFileType = sourcecode.swift; path = AppDelegate.swift; sourceTree = "<group>"; };
		D9FDA62326483EC200CA84D3 /* Base */ = {isa = PBXFileReference; lastKnownFileType = file.storyboard; name = Base; path = Base.lproj/Home.storyboard; sourceTree = "<group>"; };
		D9FDA62526483EC700CA84D3 /* Assets.xcassets */ = {isa = PBXFileReference; lastKnownFileType = folder.assetcatalog; path = Assets.xcassets; sourceTree = "<group>"; };
		D9FDA62826483EC700CA84D3 /* Base */ = {isa = PBXFileReference; lastKnownFileType = file.storyboard; name = Base; path = Base.lproj/LaunchScreen.storyboard; sourceTree = "<group>"; };
		D9FDA62A26483EC700CA84D3 /* Info.plist */ = {isa = PBXFileReference; lastKnownFileType = text.plist.xml; path = Info.plist; sourceTree = "<group>"; };
		D9FDA6392648403200CA84D3 /* HomeViewController.swift */ = {isa = PBXFileReference; lastKnownFileType = sourcecode.swift; path = HomeViewController.swift; sourceTree = "<group>"; };
		D9FDA64B2649A52100CA84D3 /* Encoding.swift */ = {isa = PBXFileReference; fileEncoding = 4; lastKnownFileType = sourcecode.swift; path = Encoding.swift; sourceTree = "<group>"; };
		D9FDA64C2649A52100CA84D3 /* NetworkManager.swift */ = {isa = PBXFileReference; fileEncoding = 4; lastKnownFileType = sourcecode.swift; path = NetworkManager.swift; sourceTree = "<group>"; };
		D9FDA64D2649A52100CA84D3 /* Extension.swift */ = {isa = PBXFileReference; fileEncoding = 4; lastKnownFileType = sourcecode.swift; path = Extension.swift; sourceTree = "<group>"; };
		D9FDA64E2649A52100CA84D3 /* RequestStatus.swift */ = {isa = PBXFileReference; fileEncoding = 4; lastKnownFileType = sourcecode.swift; path = RequestStatus.swift; sourceTree = "<group>"; };
		D9FDA64F2649A52100CA84D3 /* Networkable.swift */ = {isa = PBXFileReference; fileEncoding = 4; lastKnownFileType = sourcecode.swift; path = Networkable.swift; sourceTree = "<group>"; };
		D9FDA6502649A52100CA84D3 /* Loadable.swift */ = {isa = PBXFileReference; fileEncoding = 4; lastKnownFileType = sourcecode.swift; path = Loadable.swift; sourceTree = "<group>"; };
		D9FDA6512649A52100CA84D3 /* NetworkError.swift */ = {isa = PBXFileReference; fileEncoding = 4; lastKnownFileType = sourcecode.swift; path = NetworkError.swift; sourceTree = "<group>"; };
		D9FDA6522649A52100CA84D3 /* RemoteTarget.swift */ = {isa = PBXFileReference; fileEncoding = 4; lastKnownFileType = sourcecode.swift; path = RemoteTarget.swift; sourceTree = "<group>"; };
		D9FDA65D2649C21900CA84D3 /* Recipe.swift */ = {isa = PBXFileReference; lastKnownFileType = sourcecode.swift; path = Recipe.swift; sourceTree = "<group>"; };
		D9FDA65F2649C3A100CA84D3 /* RecipeInfoModel.swift */ = {isa = PBXFileReference; lastKnownFileType = sourcecode.swift; path = RecipeInfoModel.swift; sourceTree = "<group>"; };
/* End PBXFileReference section */

/* Begin PBXFrameworksBuildPhase section */
		D974E3E826503C8E00F1D185 /* Frameworks */ = {
			isa = PBXFrameworksBuildPhase;
			buildActionMask = 2147483647;
			files = (
			);
			runOnlyForDeploymentPostprocessing = 0;
		};
		D9FDA61626483EC200CA84D3 /* Frameworks */ = {
			isa = PBXFrameworksBuildPhase;
			buildActionMask = 2147483647;
			files = (
			);
			runOnlyForDeploymentPostprocessing = 0;
		};
/* End PBXFrameworksBuildPhase section */

/* Begin PBXGroup section */
		D939C83B264D9712000677AD /* Suggestion */ = {
			isa = PBXGroup;
			children = (
				D939C83C264D9726000677AD /* SuggestionBox.swift */,
			);
			path = Suggestion;
			sourceTree = "<group>";
		};
		D939C83E264D98B4000677AD /* Persistence */ = {
			isa = PBXGroup;
			children = (
				D939C83F264D98C5000677AD /* PersistenceController.swift */,
			);
			path = Persistence;
			sourceTree = "<group>";
		};
		D939C841264D9953000677AD /* DataModels */ = {
			isa = PBXGroup;
			children = (
				D939C842264D9964000677AD /* SuggestionModel.xcdatamodeld */,
			);
			path = DataModels;
			sourceTree = "<group>";
		};
		D939C84C264DBCF7000677AD /* RecipeDetails */ = {
			isa = PBXGroup;
			children = (
				D939C84D264DBD07000677AD /* VIP Components */,
				D939C84E264DBD11000677AD /* Controller */,
			);
			path = RecipeDetails;
			sourceTree = "<group>";
		};
		D939C84D264DBD07000677AD /* VIP Components */ = {
			isa = PBXGroup;
			children = (
				D939C853264E0172000677AD /* RecipeDetailsVIPProtocols.swift */,
				D939C855264E01A1000677AD /* RecipeDetailsInteractor.swift */,
				D939C857264E01C7000677AD /* RecipeDetailsPresenter.swift */,
			);
			path = "VIP Components";
			sourceTree = "<group>";
		};
		D939C84E264DBD11000677AD /* Controller */ = {
			isa = PBXGroup;
			children = (
				D939C84F264DBD38000677AD /* RecipeDetailsViewController.swift */,
			);
			path = Controller;
			sourceTree = "<group>";
		};
		D96DBB85264B1AD400F004E6 /* VIP Components */ = {
			isa = PBXGroup;
			children = (
				D96DBB86264B1AF600F004E6 /* HomeVIPProtocols.swift */,
				D96DBB88264B1B0800F004E6 /* HomeInteractor.swift */,
				D96DBB8A264B1B1400F004E6 /* HomePresenter.swift */,
			);
			path = "VIP Components";
			sourceTree = "<group>";
		};
		D96DBB8C264B1D1D00F004E6 /* Alert Strings */ = {
			isa = PBXGroup;
			children = (
				D96DBB8D264B1D2C00F004E6 /* Titles.swift */,
				D96DBB8F264B1D5F00F004E6 /* Alerts.swift */,
			);
			path = "Alert Strings";
			sourceTree = "<group>";
		};
		D96DBB94264B203E00F004E6 /* Data Source */ = {
			isa = PBXGroup;
			children = (
				D96DBB96264B207700F004E6 /* TableViewDataSource.swift */,
				D96DBB98264B209B00F004E6 /* ConfigurableCell.swift */,
			);
			path = "Data Source";
			sourceTree = "<group>";
		};
		D96DBB95264B204700F004E6 /* Navigation */ = {
			isa = PBXGroup;
			children = (
				D9968945264C129B0009135C /* Navigatable.swift */,
				D9968947264C13C10009135C /* Navigator.swift */,
			);
			path = Navigation;
			sourceTree = "<group>";
		};
		D96DBB9A264B224F00F004E6 /* View */ = {
			isa = PBXGroup;
			children = (
				D96DBB9B264B225700F004E6 /* RecipeTableViewCell */,
			);
			path = View;
			sourceTree = "<group>";
		};
		D96DBB9B264B225700F004E6 /* RecipeTableViewCell */ = {
			isa = PBXGroup;
			children = (
				D96DBB9C264B228800F004E6 /* RecipeTableViewCell.swift */,
				D96DBB9D264B228800F004E6 /* RecipeTableViewCell.xib */,
			);
			path = RecipeTableViewCell;
			sourceTree = "<group>";
		};
		D96DBBA0264B2C2A00F004E6 /* Data Manager */ = {
			isa = PBXGroup;
			children = (
				D96DBBA1264B2C3C00F004E6 /* HomeDataManager.swift */,
				D996893F264BE37C0009135C /* HomeDataManagerDelegate.swift */,
			);
			path = "Data Manager";
			sourceTree = "<group>";
		};
		D96E38BD264C30FA008BEB11 /* Image Store */ = {
			isa = PBXGroup;
			children = (
				D96E38BE264C310B008BEB11 /* ImageStore.swift */,
			);
			path = "Image Store";
			sourceTree = "<group>";
		};
		D96E38C2264C4535008BEB11 /* UI */ = {
			isa = PBXGroup;
			children = (
				D96E38C3264C453D008BEB11 /* DropDown */,
			);
			path = UI;
			sourceTree = "<group>";
		};
		D96E38C3264C453D008BEB11 /* DropDown */ = {
			isa = PBXGroup;
			children = (
				D96E38C4264C454F008BEB11 /* DropDown.swift */,
			);
			path = DropDown;
			sourceTree = "<group>";
		};
		D974E3EC26503C8E00F1D185 /* RecipeSearchTests */ = {
			isa = PBXGroup;
			children = (
				D974E3F52650449D00F1D185 /* Data */,
				D974E43026512FC500F1D185 /* Tests */,
				D974E3EF26503C8E00F1D185 /* Info.plist */,
			);
			path = RecipeSearchTests;
			sourceTree = "<group>";
		};
		D974E3F52650449D00F1D185 /* Data */ = {
			isa = PBXGroup;
			children = (
				D974E3F6265044B700F1D185 /* PizzaRecipes.json */,
				D974E3F7265044B800F1D185 /* Recipe47746.json */,
			);
			path = Data;
			sourceTree = "<group>";
		};
		D974E3FC26506C7C00F1D185 /* JSONLoader */ = {
			isa = PBXGroup;
			children = (
				D974E3FD26506CAD00F1D185 /* Loader.swift */,
			);
			path = JSONLoader;
			sourceTree = "<group>";
		};
		D974E43026512FC500F1D185 /* Tests */ = {
			isa = PBXGroup;
			children = (
				D974E3ED26503C8E00F1D185 /* HomeTests.swift */,
				D974E4312651302A00F1D185 /* RecipeDetailsTests.swift */,
			);
			path = Tests;
			sourceTree = "<group>";
		};
		D9968951264C16920009135C /* Navigation */ = {
			isa = PBXGroup;
			children = (
				D996894F264C16580009135C /* RecipeRouter.swift */,
				D9968952264C16A30009135C /* RecipeNavigator.swift */,
			);
			path = Navigation;
			sourceTree = "<group>";
		};
		D9968958264C1B460009135C /* Storyboard */ = {
			isa = PBXGroup;
			children = (
				D9968959264C1B530009135C /* Storyboard.swift */,
			);
			path = Storyboard;
			sourceTree = "<group>";
		};
		D99FF07E264AF67900D02F80 /* Forkify */ = {
			isa = PBXGroup;
			children = (
				D99FF07F264AF68400D02F80 /* ForkifyAPI.swift */,
				D99FF081264AF95600D02F80 /* ForkifyNetworkable.swift */,
				D99FF083264AFA5100D02F80 /* ForkifyNetworkManager.swift */,
			);
			path = Forkify;
			sourceTree = "<group>";
		};
		D9FDA61026483EC200CA84D3 = {
			isa = PBXGroup;
			children = (
				D9FDA61B26483EC200CA84D3 /* RecipeSearch */,
				D974E3EC26503C8E00F1D185 /* RecipeSearchTests */,
				D9FDA61A26483EC200CA84D3 /* Products */,
			);
			sourceTree = "<group>";
		};
		D9FDA61A26483EC200CA84D3 /* Products */ = {
			isa = PBXGroup;
			children = (
				D9FDA61926483EC200CA84D3 /* RecipeSearch.app */,
				D974E3EB26503C8E00F1D185 /* RecipeSearchTests.xctest */,
			);
			name = Products;
			sourceTree = "<group>";
		};
		D9FDA61B26483EC200CA84D3 /* RecipeSearch */ = {
			isa = PBXGroup;
			children = (
				D9FDA63226483F4000CA84D3 /* Resources */,
				D9FDA63326483F6000CA84D3 /* Configurations */,
				D9FDA63026483F1900CA84D3 /* App */,
				D9FDA63126483F2A00CA84D3 /* Storybords */,
				D9FDA63526483FBD00CA84D3 /* Core */,
			);
			path = RecipeSearch;
			sourceTree = "<group>";
		};
		D9FDA63026483F1900CA84D3 /* App */ = {
			isa = PBXGroup;
			children = (
				D9FDA61C26483EC200CA84D3 /* AppDelegate.swift */,
				D9968954264C18370009135C /* AppNavigator.swift */,
			);
			path = App;
			sourceTree = "<group>";
		};
		D9FDA63126483F2A00CA84D3 /* Storybords */ = {
			isa = PBXGroup;
			children = (
				D9FDA62726483EC700CA84D3 /* LaunchScreen.storyboard */,
				D9FDA62226483EC200CA84D3 /* Home.storyboard */,
				D939C849264DBCAB000677AD /* RecipeDetails.storyboard */,
			);
			path = Storybords;
			sourceTree = "<group>";
		};
		D9FDA63226483F4000CA84D3 /* Resources */ = {
			isa = PBXGroup;
			children = (
				D9FDA62526483EC700CA84D3 /* Assets.xcassets */,
			);
			path = Resources;
			sourceTree = "<group>";
		};
		D9FDA63326483F6000CA84D3 /* Configurations */ = {
			isa = PBXGroup;
			children = (
				D9FDA62A26483EC700CA84D3 /* Info.plist */,
			);
			path = Configurations;
			sourceTree = "<group>";
		};
		D9FDA63426483FA700CA84D3 /* Modules */ = {
			isa = PBXGroup;
			children = (
				D939C84C264DBCF7000677AD /* RecipeDetails */,
				D9FDA63726483FE900CA84D3 /* Home */,
			);
			path = Modules;
			sourceTree = "<group>";
		};
		D9FDA63526483FBD00CA84D3 /* Core */ = {
			isa = PBXGroup;
			children = (
				D9FDA6612649C54300CA84D3 /* Helpers */,
				D9FDA65C2649C20500CA84D3 /* Models */,
				D9FDA6472649A4F500CA84D3 /* Services */,
				D9968951264C16920009135C /* Navigation */,
				D9FDA63426483FA700CA84D3 /* Modules */,
			);
			path = Core;
			sourceTree = "<group>";
		};
		D9FDA63626483FC700CA84D3 /* Extensions */ = {
			isa = PBXGroup;
			children = (
				D96DBB91264B1F6500F004E6 /* UIViewController + Alerts.swift */,
				D9968949264C14010009135C /* UIViewController + Navigator.swift */,
				D9968941264BEF6E0009135C /* UITableView.swift */,
				D996894D264C15D50009135C /* UIApplecation + Navigation.swift */,
				D9968956264C1A5F0009135C /* UIStoryboard + UIViewController + Instantiate.swift */,
				D96E38C0264C3883008BEB11 /* UIImageView + RemoteImage.swift */,
				D96E38C6264C489B008BEB11 /* UIView + LayoutConstraint.swift */,
				D939C845264D9C97000677AD /* Int + Index.swift */,
				D939C847264DB1EE000677AD /* Collection.swift */,
				D958A653264E9144001B9B42 /* String.swift */,
			);
			path = Extensions;
			sourceTree = "<group>";
		};
		D9FDA63726483FE900CA84D3 /* Home */ = {
			isa = PBXGroup;
			children = (
				D96DBBA0264B2C2A00F004E6 /* Data Manager */,
				D96DBB85264B1AD400F004E6 /* VIP Components */,
				D96DBB9A264B224F00F004E6 /* View */,
				D9FDA63826483FF100CA84D3 /* Controller */,
			);
			path = Home;
			sourceTree = "<group>";
		};
		D9FDA63826483FF100CA84D3 /* Controller */ = {
			isa = PBXGroup;
			children = (
				D9FDA6392648403200CA84D3 /* HomeViewController.swift */,
			);
			path = Controller;
			sourceTree = "<group>";
		};
		D9FDA6472649A4F500CA84D3 /* Services */ = {
			isa = PBXGroup;
			children = (
				D9FDA6492649A50800CA84D3 /* Local */,
				D9FDA6482649A50100CA84D3 /* Remote */,
			);
			path = Services;
			sourceTree = "<group>";
		};
		D9FDA6482649A50100CA84D3 /* Remote */ = {
			isa = PBXGroup;
			children = (
				D9FDA65B2649A58700CA84D3 /* APIs */,
				D96E38BD264C30FA008BEB11 /* Image Store */,
				D9FDA64A2649A52100CA84D3 /* Network Manager */,
			);
			path = Remote;
			sourceTree = "<group>";
		};
		D9FDA6492649A50800CA84D3 /* Local */ = {
			isa = PBXGroup;
			children = (
				D939C841264D9953000677AD /* DataModels */,
				D939C83E264D98B4000677AD /* Persistence */,
				D939C83B264D9712000677AD /* Suggestion */,
			);
			path = Local;
			sourceTree = "<group>";
		};
		D9FDA64A2649A52100CA84D3 /* Network Manager */ = {
			isa = PBXGroup;
			children = (
				D9FDA64B2649A52100CA84D3 /* Encoding.swift */,
				D9FDA64C2649A52100CA84D3 /* NetworkManager.swift */,
				D9FDA64D2649A52100CA84D3 /* Extension.swift */,
				D9FDA64E2649A52100CA84D3 /* RequestStatus.swift */,
				D9FDA64F2649A52100CA84D3 /* Networkable.swift */,
				D9FDA6502649A52100CA84D3 /* Loadable.swift */,
				D9FDA6512649A52100CA84D3 /* NetworkError.swift */,
				D9FDA6522649A52100CA84D3 /* RemoteTarget.swift */,
			);
			path = "Network Manager";
			sourceTree = "<group>";
		};
		D9FDA65B2649A58700CA84D3 /* APIs */ = {
			isa = PBXGroup;
			children = (
				D99FF07E264AF67900D02F80 /* Forkify */,
			);
			path = APIs;
			sourceTree = "<group>";
		};
		D9FDA65C2649C20500CA84D3 /* Models */ = {
			isa = PBXGroup;
			children = (
				D9FDA65D2649C21900CA84D3 /* Recipe.swift */,
				D9FDA65F2649C3A100CA84D3 /* RecipeInfoModel.swift */,
				D96E38BB264C29E8008BEB11 /* SearchRespnse.swift */,
				D939C851264DF94E000677AD /* RecipeDetailsRespnse.swift */,
			);
			path = Models;
			sourceTree = "<group>";
		};
		D9FDA6612649C54300CA84D3 /* Helpers */ = {
			isa = PBXGroup;
			children = (
				D96E38C2264C4535008BEB11 /* UI */,
				D974E3FC26506C7C00F1D185 /* JSONLoader */,
				D9968958264C1B460009135C /* Storyboard */,
				D96DBB95264B204700F004E6 /* Navigation */,
				D96DBB94264B203E00F004E6 /* Data Source */,
				D96DBB8C264B1D1D00F004E6 /* Alert Strings */,
				D9FDA63626483FC700CA84D3 /* Extensions */,
			);
			path = Helpers;
			sourceTree = "<group>";
		};
/* End PBXGroup section */

/* Begin PBXNativeTarget section */
		D974E3EA26503C8E00F1D185 /* RecipeSearchTests */ = {
			isa = PBXNativeTarget;
			buildConfigurationList = D974E3F426503C8E00F1D185 /* Build configuration list for PBXNativeTarget "RecipeSearchTests" */;
			buildPhases = (
				D974E3E726503C8E00F1D185 /* Sources */,
				D974E3E826503C8E00F1D185 /* Frameworks */,
				D974E3E926503C8E00F1D185 /* Resources */,
			);
			buildRules = (
			);
			dependencies = (
				D974E3F126503C8E00F1D185 /* PBXTargetDependency */,
			);
			name = RecipeSearchTests;
			productName = RecipeSearchTests;
			productReference = D974E3EB26503C8E00F1D185 /* RecipeSearchTests.xctest */;
			productType = "com.apple.product-type.bundle.unit-test";
		};
		D9FDA61826483EC200CA84D3 /* RecipeSearch */ = {
			isa = PBXNativeTarget;
			buildConfigurationList = D9FDA62D26483EC700CA84D3 /* Build configuration list for PBXNativeTarget "RecipeSearch" */;
			buildPhases = (
				D9FDA61526483EC200CA84D3 /* Sources */,
				D9FDA61626483EC200CA84D3 /* Frameworks */,
				D9FDA61726483EC200CA84D3 /* Resources */,
			);
			buildRules = (
			);
			dependencies = (
			);
			name = RecipeSearch;
			productName = RecipeSearch;
			productReference = D9FDA61926483EC200CA84D3 /* RecipeSearch.app */;
			productType = "com.apple.product-type.application";
		};
/* End PBXNativeTarget section */

/* Begin PBXProject section */
		D9FDA61126483EC200CA84D3 /* Project object */ = {
			isa = PBXProject;
			attributes = {
				LastSwiftUpdateCheck = 1250;
				LastUpgradeCheck = 1250;
				ORGANIZATIONNAME = "Mohamed Shemy";
				TargetAttributes = {
					D974E3EA26503C8E00F1D185 = {
						CreatedOnToolsVersion = 12.5;
						TestTargetID = D9FDA61826483EC200CA84D3;
					};
					D9FDA61826483EC200CA84D3 = {
						CreatedOnToolsVersion = 12.5;
					};
				};
			};
			buildConfigurationList = D9FDA61426483EC200CA84D3 /* Build configuration list for PBXProject "RecipeSearch" */;
			compatibilityVersion = "Xcode 9.3";
			developmentRegion = en;
			hasScannedForEncodings = 0;
			knownRegions = (
				en,
				Base,
			);
			mainGroup = D9FDA61026483EC200CA84D3;
			productRefGroup = D9FDA61A26483EC200CA84D3 /* Products */;
			projectDirPath = "";
			projectRoot = "";
			targets = (
				D9FDA61826483EC200CA84D3 /* RecipeSearch */,
				D974E3EA26503C8E00F1D185 /* RecipeSearchTests */,
			);
		};
/* End PBXProject section */

/* Begin PBXResourcesBuildPhase section */
		D974E3E926503C8E00F1D185 /* Resources */ = {
			isa = PBXResourcesBuildPhase;
			buildActionMask = 2147483647;
			files = (
				D974E3FB265044B800F1D185 /* Recipe47746.json in Resources */,
				D974E3F9265044B800F1D185 /* PizzaRecipes.json in Resources */,
			);
			runOnlyForDeploymentPostprocessing = 0;
		};
		D9FDA61726483EC200CA84D3 /* Resources */ = {
			isa = PBXResourcesBuildPhase;
			buildActionMask = 2147483647;
			files = (
				D939C84B264DBCAB000677AD /* RecipeDetails.storyboard in Resources */,
				D9FDA62926483EC700CA84D3 /* LaunchScreen.storyboard in Resources */,
				D974E3FA265044B800F1D185 /* Recipe47746.json in Resources */,
				D9FDA62626483EC700CA84D3 /* Assets.xcassets in Resources */,
				D9FDA62426483EC200CA84D3 /* Home.storyboard in Resources */,
				D974E3F8265044B800F1D185 /* PizzaRecipes.json in Resources */,
				D96DBB9F264B228800F004E6 /* RecipeTableViewCell.xib in Resources */,
			);
			runOnlyForDeploymentPostprocessing = 0;
		};
/* End PBXResourcesBuildPhase section */

/* Begin PBXSourcesBuildPhase section */
		D974E3E726503C8E00F1D185 /* Sources */ = {
			isa = PBXSourcesBuildPhase;
			buildActionMask = 2147483647;
			files = (
				D974E4182651248F00F1D185 /* TableViewDataSource.swift in Sources */,
				D974E4112650708B00F1D185 /* SearchRespnse.swift in Sources */,
				D974E4102650707E00F1D185 /* HomeDataManagerDelegate.swift in Sources */,
				D974E4082650704F00F1D185 /* RemoteTarget.swift in Sources */,
				D974E42D265129E900F1D185 /* Storyboard.swift in Sources */,
				D974E4062650704F00F1D185 /* NetworkManager.swift in Sources */,
				D974E4272651298600F1D185 /* ImageStore.swift in Sources */,
				D974E40B2650706B00F1D185 /* RecipeDetailsVIPProtocols.swift in Sources */,
				D974E4232651292000F1D185 /* Navigatable.swift in Sources */,
				D974E4132650708B00F1D185 /* RecipeInfoModel.swift in Sources */,
				D974E42C265129DC00F1D185 /* Titles.swift in Sources */,
				D974E3FF26506CAD00F1D185 /* Loader.swift in Sources */,
				D974E40A2650704F00F1D185 /* Networkable.swift in Sources */,
				D974E41C2651251600F1D185 /* RecipeTableViewCell.swift in Sources */,
				D974E4172651247E00F1D185 /* Alerts.swift in Sources */,
				D974E4042650704F00F1D185 /* Loadable.swift in Sources */,
				D974E42E26512A0800F1D185 /* RecipeDetailsPresenter.swift in Sources */,
				D974E419265124A000F1D185 /* SuggestionBox.swift in Sources */,
				D974E42B265129BC00F1D185 /* UIViewController + Alerts.swift in Sources */,
				D974E4162651247600F1D185 /* RecipeRouter.swift in Sources */,
				D974E4002650703F00F1D185 /* ForkifyNetworkable.swift in Sources */,
				D974E4122650708B00F1D185 /* Recipe.swift in Sources */,
				D974E40C2650707900F1D185 /* HomeVIPProtocols.swift in Sources */,
				D974E4052650704F00F1D185 /* RequestStatus.swift in Sources */,
				D974E41E2651253000F1D185 /* Collection.swift in Sources */,
				D974E41B2651250800F1D185 /* UITableView.swift in Sources */,
				D974E4022650703F00F1D185 /* ForkifyNetworkManager.swift in Sources */,
				D974E4202651289B00F1D185 /* Navigator.swift in Sources */,
				D974E40F2650707E00F1D185 /* HomeDataManager.swift in Sources */,
				D974E421265128A100F1D185 /* RecipeNavigator.swift in Sources */,
				D974E4072650704F00F1D185 /* Encoding.swift in Sources */,
				D974E4032650704F00F1D185 /* Extension.swift in Sources */,
				D974E4092650704F00F1D185 /* NetworkError.swift in Sources */,
				D974E4142650708B00F1D185 /* RecipeDetailsRespnse.swift in Sources */,
				D974E3EE26503C8E00F1D185 /* HomeTests.swift in Sources */,
				D974E428265129BC00F1D185 /* UIStoryboard + UIViewController + Instantiate.swift in Sources */,
				D974E4222651291600F1D185 /* UIImageView + RemoteImage.swift in Sources */,
				D974E4262651296100F1D185 /* RecipeDetailsViewController.swift in Sources */,
				D974E429265129BC00F1D185 /* String.swift in Sources */,
				D974E4242651292700F1D185 /* UIViewController + Navigator.swift in Sources */,
				D974E4252651293300F1D185 /* UIApplecation + Navigation.swift in Sources */,
				D974E41A265124FD00F1D185 /* ConfigurableCell.swift in Sources */,
				D974E4012650703F00F1D185 /* ForkifyAPI.swift in Sources */,
				D974E42F26512A0D00F1D185 /* RecipeDetailsInteractor.swift in Sources */,
				D974E4322651302A00F1D185 /* RecipeDetailsTests.swift in Sources */,
				D974E41526511B6D00F1D185 /* SuggestionModel.xcdatamodeld in Sources */,
				D974E41F2651253700F1D185 /* Int + Index.swift in Sources */,
				D974E40D2650707900F1D185 /* HomePresenter.swift in Sources */,
				D974E40E2650707900F1D185 /* HomeInteractor.swift in Sources */,
				D974E41D2651252800F1D185 /* PersistenceController.swift in Sources */,
				D974E42A265129BC00F1D185 /* UIView + LayoutConstraint.swift in Sources */,
			);
			runOnlyForDeploymentPostprocessing = 0;
		};
		D9FDA61526483EC200CA84D3 /* Sources */ = {
			isa = PBXSourcesBuildPhase;
			buildActionMask = 2147483647;
			files = (
				D9FDA6552649A52100CA84D3 /* Extension.swift in Sources */,
				D939C858264E01C7000677AD /* RecipeDetailsPresenter.swift in Sources */,
				D96DBB87264B1AF600F004E6 /* HomeVIPProtocols.swift in Sources */,
				D9FDA65E2649C21900CA84D3 /* Recipe.swift in Sources */,
				D939C852264DF94E000677AD /* RecipeDetailsRespnse.swift in Sources */,
				D99FF084264AFA5100D02F80 /* ForkifyNetworkManager.swift in Sources */,
				D939C840264D98C5000677AD /* PersistenceController.swift in Sources */,
				D9FDA6562649A52100CA84D3 /* RequestStatus.swift in Sources */,
				D96E38C7264C489B008BEB11 /* UIView + LayoutConstraint.swift in Sources */,
				D9968942264BEF6E0009135C /* UITableView.swift in Sources */,
				D9FDA6542649A52100CA84D3 /* NetworkManager.swift in Sources */,
				D996894E264C15D50009135C /* UIApplecation + Navigation.swift in Sources */,
				D939C850264DBD38000677AD /* RecipeDetailsViewController.swift in Sources */,
				D96DBB90264B1D5F00F004E6 /* Alerts.swift in Sources */,
				D958A654264E9144001B9B42 /* String.swift in Sources */,
				D9FDA6572649A52100CA84D3 /* Networkable.swift in Sources */,
				D939C83D264D9726000677AD /* SuggestionBox.swift in Sources */,
				D96DBB92264B1F6500F004E6 /* UIViewController + Alerts.swift in Sources */,
				D996894A264C14010009135C /* UIViewController + Navigator.swift in Sources */,
				D974E3FE26506CAD00F1D185 /* Loader.swift in Sources */,
				D9FDA6532649A52100CA84D3 /* Encoding.swift in Sources */,
				D96E38C1264C3883008BEB11 /* UIImageView + RemoteImage.swift in Sources */,
				D9968955264C18370009135C /* AppNavigator.swift in Sources */,
				D9968957264C1A5F0009135C /* UIStoryboard + UIViewController + Instantiate.swift in Sources */,
				D939C848264DB1EE000677AD /* Collection.swift in Sources */,
				D96DBBA2264B2C3C00F004E6 /* HomeDataManager.swift in Sources */,
				D939C854264E0172000677AD /* RecipeDetailsVIPProtocols.swift in Sources */,
				D996895A264C1B530009135C /* Storyboard.swift in Sources */,
				D9968940264BE37D0009135C /* HomeDataManagerDelegate.swift in Sources */,
				D9FDA6582649A52100CA84D3 /* Loadable.swift in Sources */,
				D9968946264C129B0009135C /* Navigatable.swift in Sources */,
				D9FDA6592649A52100CA84D3 /* NetworkError.swift in Sources */,
				D96DBB97264B207700F004E6 /* TableViewDataSource.swift in Sources */,
				D9FDA61D26483EC200CA84D3 /* AppDelegate.swift in Sources */,
				D9FDA6602649C3A100CA84D3 /* RecipeInfoModel.swift in Sources */,
				D9968950264C16580009135C /* RecipeRouter.swift in Sources */,
				D96DBB9E264B228800F004E6 /* RecipeTableViewCell.swift in Sources */,
				D9FDA65A2649A52100CA84D3 /* RemoteTarget.swift in Sources */,
				D99FF082264AF95600D02F80 /* ForkifyNetworkable.swift in Sources */,
				D96DBB99264B209B00F004E6 /* ConfigurableCell.swift in Sources */,
				D939C846264D9C97000677AD /* Int + Index.swift in Sources */,
				D939C844264D9964000677AD /* SuggestionModel.xcdatamodeld in Sources */,
				D96E38C5264C454F008BEB11 /* DropDown.swift in Sources */,
				D9FDA63A2648403200CA84D3 /* HomeViewController.swift in Sources */,
				D9968948264C13C10009135C /* Navigator.swift in Sources */,
				D96DBB8B264B1B1400F004E6 /* HomePresenter.swift in Sources */,
				D939C856264E01A1000677AD /* RecipeDetailsInteractor.swift in Sources */,
				D99FF080264AF68400D02F80 /* ForkifyAPI.swift in Sources */,
				D96DBB89264B1B0800F004E6 /* HomeInteractor.swift in Sources */,
				D9968953264C16A30009135C /* RecipeNavigator.swift in Sources */,
				D96E38BF264C310B008BEB11 /* ImageStore.swift in Sources */,
				D96E38BC264C29E8008BEB11 /* SearchRespnse.swift in Sources */,
				D96DBB8E264B1D2C00F004E6 /* Titles.swift in Sources */,
			);
			runOnlyForDeploymentPostprocessing = 0;
		};
/* End PBXSourcesBuildPhase section */

/* Begin PBXTargetDependency section */
		D974E3F126503C8E00F1D185 /* PBXTargetDependency */ = {
			isa = PBXTargetDependency;
			target = D9FDA61826483EC200CA84D3 /* RecipeSearch */;
			targetProxy = D974E3F026503C8E00F1D185 /* PBXContainerItemProxy */;
		};
/* End PBXTargetDependency section */

/* Begin PBXVariantGroup section */
		D939C849264DBCAB000677AD /* RecipeDetails.storyboard */ = {
			isa = PBXVariantGroup;
			children = (
				D939C84A264DBCAB000677AD /* Base */,
			);
			name = RecipeDetails.storyboard;
			sourceTree = "<group>";
		};
		D9FDA62226483EC200CA84D3 /* Home.storyboard */ = {
			isa = PBXVariantGroup;
			children = (
				D9FDA62326483EC200CA84D3 /* Base */,
			);
			name = Home.storyboard;
			sourceTree = "<group>";
		};
		D9FDA62726483EC700CA84D3 /* LaunchScreen.storyboard */ = {
			isa = PBXVariantGroup;
			children = (
				D9FDA62826483EC700CA84D3 /* Base */,
			);
			name = LaunchScreen.storyboard;
			sourceTree = "<group>";
		};
/* End PBXVariantGroup section */

/* Begin XCBuildConfiguration section */
		D974E3F226503C8E00F1D185 /* Debug */ = {
			isa = XCBuildConfiguration;
			buildSettings = {
				BUNDLE_LOADER = "$(TEST_HOST)";
				CODE_SIGN_STYLE = Automatic;
				DEVELOPMENT_TEAM = 57CN6FH4FY;
				INFOPLIST_FILE = RecipeSearchTests/Info.plist;
				IPHONEOS_DEPLOYMENT_TARGET = 14.5;
				LD_RUNPATH_SEARCH_PATHS = (
					"$(inherited)",
					"@executable_path/Frameworks",
					"@loader_path/Frameworks",
				);
				PRODUCT_BUNDLE_IDENTIFIER = com.shemy.RecipeSearchTests;
				PRODUCT_NAME = "$(TARGET_NAME)";
				SWIFT_VERSION = 5.0;
				TARGETED_DEVICE_FAMILY = "1,2";
				TEST_HOST = "$(BUILT_PRODUCTS_DIR)/RecipeSearch.app/RecipeSearch";
			};
			name = Debug;
		};
		D974E3F326503C8E00F1D185 /* Release */ = {
			isa = XCBuildConfiguration;
			buildSettings = {
				BUNDLE_LOADER = "$(TEST_HOST)";
				CODE_SIGN_STYLE = Automatic;
				DEVELOPMENT_TEAM = 57CN6FH4FY;
				INFOPLIST_FILE = RecipeSearchTests/Info.plist;
				IPHONEOS_DEPLOYMENT_TARGET = 14.5;
				LD_RUNPATH_SEARCH_PATHS = (
					"$(inherited)",
					"@executable_path/Frameworks",
					"@loader_path/Frameworks",
				);
				PRODUCT_BUNDLE_IDENTIFIER = com.shemy.RecipeSearchTests;
				PRODUCT_NAME = "$(TARGET_NAME)";
				SWIFT_VERSION = 5.0;
				TARGETED_DEVICE_FAMILY = "1,2";
				TEST_HOST = "$(BUILT_PRODUCTS_DIR)/RecipeSearch.app/RecipeSearch";
			};
			name = Release;
		};
		D9FDA62B26483EC700CA84D3 /* Debug */ = {
			isa = XCBuildConfiguration;
			buildSettings = {
				ALWAYS_SEARCH_USER_PATHS = NO;
				CLANG_ANALYZER_NONNULL = YES;
				CLANG_ANALYZER_NUMBER_OBJECT_CONVERSION = YES_AGGRESSIVE;
				CLANG_CXX_LANGUAGE_STANDARD = "gnu++14";
				CLANG_CXX_LIBRARY = "libc++";
				CLANG_ENABLE_MODULES = YES;
				CLANG_ENABLE_OBJC_ARC = YES;
				CLANG_ENABLE_OBJC_WEAK = YES;
				CLANG_WARN_BLOCK_CAPTURE_AUTORELEASING = YES;
				CLANG_WARN_BOOL_CONVERSION = YES;
				CLANG_WARN_COMMA = YES;
				CLANG_WARN_CONSTANT_CONVERSION = YES;
				CLANG_WARN_DEPRECATED_OBJC_IMPLEMENTATIONS = YES;
				CLANG_WARN_DIRECT_OBJC_ISA_USAGE = YES_ERROR;
				CLANG_WARN_DOCUMENTATION_COMMENTS = YES;
				CLANG_WARN_EMPTY_BODY = YES;
				CLANG_WARN_ENUM_CONVERSION = YES;
				CLANG_WARN_INFINITE_RECURSION = YES;
				CLANG_WARN_INT_CONVERSION = YES;
				CLANG_WARN_NON_LITERAL_NULL_CONVERSION = YES;
				CLANG_WARN_OBJC_IMPLICIT_RETAIN_SELF = YES;
				CLANG_WARN_OBJC_LITERAL_CONVERSION = YES;
				CLANG_WARN_OBJC_ROOT_CLASS = YES_ERROR;
				CLANG_WARN_QUOTED_INCLUDE_IN_FRAMEWORK_HEADER = YES;
				CLANG_WARN_RANGE_LOOP_ANALYSIS = YES;
				CLANG_WARN_STRICT_PROTOTYPES = YES;
				CLANG_WARN_SUSPICIOUS_MOVE = YES;
				CLANG_WARN_UNGUARDED_AVAILABILITY = YES_AGGRESSIVE;
				CLANG_WARN_UNREACHABLE_CODE = YES;
				CLANG_WARN__DUPLICATE_METHOD_MATCH = YES;
				COPY_PHASE_STRIP = NO;
				DEBUG_INFORMATION_FORMAT = dwarf;
				ENABLE_STRICT_OBJC_MSGSEND = YES;
				ENABLE_TESTABILITY = YES;
				GCC_C_LANGUAGE_STANDARD = gnu11;
				GCC_DYNAMIC_NO_PIC = NO;
				GCC_NO_COMMON_BLOCKS = YES;
				GCC_OPTIMIZATION_LEVEL = 0;
				GCC_PREPROCESSOR_DEFINITIONS = (
					"DEBUG=1",
					"$(inherited)",
				);
				GCC_WARN_64_TO_32_BIT_CONVERSION = YES;
				GCC_WARN_ABOUT_RETURN_TYPE = YES_ERROR;
				GCC_WARN_UNDECLARED_SELECTOR = YES;
				GCC_WARN_UNINITIALIZED_AUTOS = YES_AGGRESSIVE;
				GCC_WARN_UNUSED_FUNCTION = YES;
				GCC_WARN_UNUSED_VARIABLE = YES;
				IPHONEOS_DEPLOYMENT_TARGET = 11.0;
				MTL_ENABLE_DEBUG_INFO = INCLUDE_SOURCE;
				MTL_FAST_MATH = YES;
				ONLY_ACTIVE_ARCH = YES;
				SDKROOT = iphoneos;
				SWIFT_ACTIVE_COMPILATION_CONDITIONS = DEBUG;
				SWIFT_OPTIMIZATION_LEVEL = "-Onone";
			};
			name = Debug;
		};
		D9FDA62C26483EC700CA84D3 /* Release */ = {
			isa = XCBuildConfiguration;
			buildSettings = {
				ALWAYS_SEARCH_USER_PATHS = NO;
				CLANG_ANALYZER_NONNULL = YES;
				CLANG_ANALYZER_NUMBER_OBJECT_CONVERSION = YES_AGGRESSIVE;
				CLANG_CXX_LANGUAGE_STANDARD = "gnu++14";
				CLANG_CXX_LIBRARY = "libc++";
				CLANG_ENABLE_MODULES = YES;
				CLANG_ENABLE_OBJC_ARC = YES;
				CLANG_ENABLE_OBJC_WEAK = YES;
				CLANG_WARN_BLOCK_CAPTURE_AUTORELEASING = YES;
				CLANG_WARN_BOOL_CONVERSION = YES;
				CLANG_WARN_COMMA = YES;
				CLANG_WARN_CONSTANT_CONVERSION = YES;
				CLANG_WARN_DEPRECATED_OBJC_IMPLEMENTATIONS = YES;
				CLANG_WARN_DIRECT_OBJC_ISA_USAGE = YES_ERROR;
				CLANG_WARN_DOCUMENTATION_COMMENTS = YES;
				CLANG_WARN_EMPTY_BODY = YES;
				CLANG_WARN_ENUM_CONVERSION = YES;
				CLANG_WARN_INFINITE_RECURSION = YES;
				CLANG_WARN_INT_CONVERSION = YES;
				CLANG_WARN_NON_LITERAL_NULL_CONVERSION = YES;
				CLANG_WARN_OBJC_IMPLICIT_RETAIN_SELF = YES;
				CLANG_WARN_OBJC_LITERAL_CONVERSION = YES;
				CLANG_WARN_OBJC_ROOT_CLASS = YES_ERROR;
				CLANG_WARN_QUOTED_INCLUDE_IN_FRAMEWORK_HEADER = YES;
				CLANG_WARN_RANGE_LOOP_ANALYSIS = YES;
				CLANG_WARN_STRICT_PROTOTYPES = YES;
				CLANG_WARN_SUSPICIOUS_MOVE = YES;
				CLANG_WARN_UNGUARDED_AVAILABILITY = YES_AGGRESSIVE;
				CLANG_WARN_UNREACHABLE_CODE = YES;
				CLANG_WARN__DUPLICATE_METHOD_MATCH = YES;
				COPY_PHASE_STRIP = NO;
				DEBUG_INFORMATION_FORMAT = "dwarf-with-dsym";
				ENABLE_NS_ASSERTIONS = NO;
				ENABLE_STRICT_OBJC_MSGSEND = YES;
				GCC_C_LANGUAGE_STANDARD = gnu11;
				GCC_NO_COMMON_BLOCKS = YES;
				GCC_WARN_64_TO_32_BIT_CONVERSION = YES;
				GCC_WARN_ABOUT_RETURN_TYPE = YES_ERROR;
				GCC_WARN_UNDECLARED_SELECTOR = YES;
				GCC_WARN_UNINITIALIZED_AUTOS = YES_AGGRESSIVE;
				GCC_WARN_UNUSED_FUNCTION = YES;
				GCC_WARN_UNUSED_VARIABLE = YES;
				IPHONEOS_DEPLOYMENT_TARGET = 11.0;
				MTL_ENABLE_DEBUG_INFO = NO;
				MTL_FAST_MATH = YES;
				SDKROOT = iphoneos;
				SWIFT_COMPILATION_MODE = wholemodule;
				SWIFT_OPTIMIZATION_LEVEL = "-O";
				VALIDATE_PRODUCT = YES;
			};
			name = Release;
		};
		D9FDA62E26483EC700CA84D3 /* Debug */ = {
			isa = XCBuildConfiguration;
			buildSettings = {
				ASSETCATALOG_COMPILER_APPICON_NAME = AppIcon;
				ASSETCATALOG_COMPILER_GLOBAL_ACCENT_COLOR_NAME = AccentColor;
				CODE_SIGN_STYLE = Automatic;
				DEVELOPMENT_TEAM = 57CN6FH4FY;
				INFOPLIST_FILE = RecipeSearch/Configurations/Info.plist;
				IPHONEOS_DEPLOYMENT_TARGET = 11.0;
				LD_RUNPATH_SEARCH_PATHS = (
					"$(inherited)",
					"@executable_path/Frameworks",
				);
				PRODUCT_BUNDLE_IDENTIFIER = com.shemy.RecipeSearch;
				PRODUCT_NAME = "$(TARGET_NAME)";
				SWIFT_VERSION = 5.0;
				TARGETED_DEVICE_FAMILY = "1,2";
			};
			name = Debug;
		};
		D9FDA62F26483EC700CA84D3 /* Release */ = {
			isa = XCBuildConfiguration;
			buildSettings = {
				ASSETCATALOG_COMPILER_APPICON_NAME = AppIcon;
				ASSETCATALOG_COMPILER_GLOBAL_ACCENT_COLOR_NAME = AccentColor;
				CODE_SIGN_STYLE = Automatic;
				DEVELOPMENT_TEAM = 57CN6FH4FY;
				INFOPLIST_FILE = RecipeSearch/Configurations/Info.plist;
				IPHONEOS_DEPLOYMENT_TARGET = 11.0;
				LD_RUNPATH_SEARCH_PATHS = (
					"$(inherited)",
					"@executable_path/Frameworks",
				);
				PRODUCT_BUNDLE_IDENTIFIER = com.shemy.RecipeSearch;
				PRODUCT_NAME = "$(TARGET_NAME)";
				SWIFT_VERSION = 5.0;
				TARGETED_DEVICE_FAMILY = "1,2";
			};
			name = Release;
		};
/* End XCBuildConfiguration section */

/* Begin XCConfigurationList section */
		D974E3F426503C8E00F1D185 /* Build configuration list for PBXNativeTarget "RecipeSearchTests" */ = {
			isa = XCConfigurationList;
			buildConfigurations = (
				D974E3F226503C8E00F1D185 /* Debug */,
				D974E3F326503C8E00F1D185 /* Release */,
			);
			defaultConfigurationIsVisible = 0;
			defaultConfigurationName = Release;
		};
		D9FDA61426483EC200CA84D3 /* Build configuration list for PBXProject "RecipeSearch" */ = {
			isa = XCConfigurationList;
			buildConfigurations = (
				D9FDA62B26483EC700CA84D3 /* Debug */,
				D9FDA62C26483EC700CA84D3 /* Release */,
			);
			defaultConfigurationIsVisible = 0;
			defaultConfigurationName = Release;
		};
		D9FDA62D26483EC700CA84D3 /* Build configuration list for PBXNativeTarget "RecipeSearch" */ = {
			isa = XCConfigurationList;
			buildConfigurations = (
				D9FDA62E26483EC700CA84D3 /* Debug */,
				D9FDA62F26483EC700CA84D3 /* Release */,
			);
			defaultConfigurationIsVisible = 0;
			defaultConfigurationName = Release;
		};
/* End XCConfigurationList section */

/* Begin XCVersionGroup section */
		D939C842264D9964000677AD /* SuggestionModel.xcdatamodeld */ = {
			isa = XCVersionGroup;
			children = (
				D939C843264D9964000677AD /* SuggestionModel.xcdatamodel */,
			);
			currentVersion = D939C843264D9964000677AD /* SuggestionModel.xcdatamodel */;
			path = SuggestionModel.xcdatamodeld;
			sourceTree = "<group>";
			versionGroupType = wrapper.xcdatamodel;
		};
/* End XCVersionGroup section */
	};
	rootObject = D9FDA61126483EC200CA84D3 /* Project object */;
}
